
Microsoft Visual Studio Solution File, Format Version 12.00
# Visual Studio Version 16
VisualStudioVersion = 16.0.31005.135
MinimumVisualStudioVersion = 10.0.40219.1
Project("{2150E333-8FDC-42A3-9474-1A3956D46DE8}") = "Arrays", "Arrays", "{5781AB5D-1AC9-4EA0-89F2-E17F41CCFD9F}"
EndProject
Project("{2150E333-8FDC-42A3-9474-1A3956D46DE8}") = "BinarySearchTrees", "BinarySearchTrees", "{F01432A4-56FC-4826-AB61-9F146F7935D4}"
EndProject
Project("{2150E333-8FDC-42A3-9474-1A3956D46DE8}") = "BinaryTrees", "BinaryTrees", "{7CFE3ED2-E862-455B-9C7E-E4A94F449119}"
EndProject
Project("{2150E333-8FDC-42A3-9474-1A3956D46DE8}") = "Graphs", "Graphs", "{4CC2EFC8-664D-47F5-9747-A8815FCC9583}"
EndProject
Project("{2150E333-8FDC-42A3-9474-1A3956D46DE8}") = "DynamicProgramming", "DynamicProgramming", "{D8909484-EFB7-4449-9EEF-89ABCD1678E6}"
EndProject
Project("{2150E333-8FDC-42A3-9474-1A3956D46DE8}") = "FamousAlgorithms", "FamousAlgorithms", "{9FEE141C-EB01-413D-9417-CA4D5822A8C8}"
EndProject
Project("{9A19103F-16F7-4668-BE54-9A1E7A4F7556}") = "1 - TwoNumberSum", "Arrays\TwoNumberSum\1 - TwoNumberSum.csproj", "{5DAD1F13-20B3-49BA-88ED-8FB70A151470}"
EndProject
Project("{9A19103F-16F7-4668-BE54-9A1E7A4F7556}") = "1 - ValidateSubsequence", "Arrays\ValidateSubsequence\1 - ValidateSubsequence.csproj", "{7276549D-5767-4470-BABA-6BD6D42AEB8B}"
EndProject
Project("{9A19103F-16F7-4668-BE54-9A1E7A4F7556}") = "1 - SortedSquaredArray", "Arrays\SortedSquaredArray\1 - SortedSquaredArray.csproj", "{1A6157AF-C860-444B-9005-C339578453A6}"
EndProject
Project("{9A19103F-16F7-4668-BE54-9A1E7A4F7556}") = "1 - TournamentWinner", "Arrays\TournamentWinner\1 - TournamentWinner.csproj", "{97C8FE61-05D0-46F8-937C-7125EAB4F3C5}"
EndProject
Project("{9A19103F-16F7-4668-BE54-9A1E7A4F7556}") = "1 - NonConstructibleChange", "Arrays\NonConstructibleChange\1 - NonConstructibleChange.csproj", "{64CB02CC-AC56-4F60-9A65-78B61A5DD8C3}"
EndProject
Project("{9A19103F-16F7-4668-BE54-9A1E7A4F7556}") = "2 - ThreeNumberSum", "Arrays\ThreeNumberSum\2 - ThreeNumberSum.csproj", "{26B746B1-670D-4F0E-B3E5-788F6B25019B}"
EndProject
Project("{9A19103F-16F7-4668-BE54-9A1E7A4F7556}") = "2 - SmallestDifference", "Arrays\SmallestDifference\2 - SmallestDifference.csproj", "{098CF74A-ED92-4145-99AE-510854F72B59}"
EndProject
Project("{9A19103F-16F7-4668-BE54-9A1E7A4F7556}") = "2 - MoveElementToEnd", "Arrays\MoveElementToEnd\2 - MoveElementToEnd.csproj", "{D07EE750-8AF5-4D08-8880-D7D31F72F4D9}"
EndProject
Project("{9A19103F-16F7-4668-BE54-9A1E7A4F7556}") = "2 - MonotonicArray", "Arrays\MonotonicArray\2 - MonotonicArray.csproj", "{4E5DE057-5212-4DD6-A680-A0EBD0250A60}"
EndProject
Project("{9A19103F-16F7-4668-BE54-9A1E7A4F7556}") = "2 - SpiralTraverse", "Arrays\SpiralTraverse\2 - SpiralTraverse.csproj", "{1A32E48B-0504-4B85-9915-748F0DDAFEFD}"
EndProject
Project("{9A19103F-16F7-4668-BE54-9A1E7A4F7556}") = "2 - LongestPeak", "Arrays\LongestPeak\2 - LongestPeak.csproj", "{A22A9973-022A-4A48-B75A-820950AEBDFA}"
EndProject
Project("{9A19103F-16F7-4668-BE54-9A1E7A4F7556}") = "2 - ArrayOfProducts", "Arrays\ArrayOfProducts\2 - ArrayOfProducts.csproj", "{37EE025B-5127-4A4E-A432-A2E568771541}"
EndProject
Project("{9A19103F-16F7-4668-BE54-9A1E7A4F7556}") = "2 - FirstDuplicateValue", "Arrays\FirstDuplicateValue\2 - FirstDuplicateValue.csproj", "{3223F9A1-2FC9-4E31-9D81-439E667B0858}"
EndProject
Project("{9A19103F-16F7-4668-BE54-9A1E7A4F7556}") = "3 - FourNumberSum", "Arrays\FourNumberSum\3 - FourNumberSum.csproj", "{E9C62F5D-3A70-4724-BE9E-563C406E42B4}"
EndProject
Project("{9A19103F-16F7-4668-BE54-9A1E7A4F7556}") = "3 - LargestRange", "Arrays\LargestRange\3 - LargestRange.csproj", "{DEACD930-238D-40FB-A8E3-F4C63F5FCDA9}"
EndProject
Project("{9A19103F-16F7-4668-BE54-9A1E7A4F7556}") = "3 - SubarraySort", "Arrays\SubarraySort\3 - SubarraySort.csproj", "{A14A70A3-9B7A-4662-AEF7-9BAAB736BE6C}"
EndProject
Project("{9A19103F-16F7-4668-BE54-9A1E7A4F7556}") = "3 - MinRewards", "Arrays\MinRewards\3 - MinRewards.csproj", "{F695EBCA-EAA1-465A-9F47-8DC47904E346}"
EndProject
Project("{9A19103F-16F7-4668-BE54-9A1E7A4F7556}") = "3 - ZigzagTraverse", "Arrays\ZigzagTraverse\3 - ZigzagTraverse.csproj", "{6E698EE0-91F5-4578-80D1-33AA9D7B60A7}"
EndProject
Project("{9A19103F-16F7-4668-BE54-9A1E7A4F7556}") = "4 - ApartmentHunting", "Arrays\ApartmentHunting\4 - ApartmentHunting.csproj", "{598DD6FC-7560-450F-8A7E-9BCB4C1F1B52}"
EndProject
Project("{9A19103F-16F7-4668-BE54-9A1E7A4F7556}") = "4 - CalendarMatching", "Arrays\CalendarMatching\4 - CalendarMatching.csproj", "{7FFB0ED2-FF22-4437-8BDE-79396F211E8C}"
EndProject
Project("{9A19103F-16F7-4668-BE54-9A1E7A4F7556}") = "4 - WaterfallStreams", "Arrays\WaterfallStreams\4 - WaterfallStreams.csproj", "{780A74F6-31ED-4E47-8127-EA8CC2FA383E}"
EndProject
Project("{9A19103F-16F7-4668-BE54-9A1E7A4F7556}") = "4 - MinimalAreaRectangle", "Arrays\MinimalAreaRectangle\4 - MinimalAreaRectangle.csproj", "{8D48CE8C-BABC-41BD-B56E-8F313AC8D2D0}"
EndProject
Project("{9A19103F-16F7-4668-BE54-9A1E7A4F7556}") = "4 - LineThroughPoints", "Arrays\LineThroughPoints\4 - LineThroughPoints.csproj", "{57B1BFBF-4213-46DF-AEEF-27E23AA27340}"
EndProject
Project("{9A19103F-16F7-4668-BE54-9A1E7A4F7556}") = "1 - FindClosestValueInBST", "BinarySearchTrees\FindClosestValueInBST\1 - FindClosestValueInBST.csproj", "{D4A15BA3-B722-4AEB-8983-84FA54C85C6C}"
EndProject
Project("{9A19103F-16F7-4668-BE54-9A1E7A4F7556}") = "1 - BSTConstruction", "BinarySearchTrees\BSTConstruction\1 - BSTConstruction.csproj", "{AC54DDED-F056-439B-9D32-45888FCDF89E}"
EndProject
Project("{9A19103F-16F7-4668-BE54-9A1E7A4F7556}") = "1 - ValidateBST", "BinarySearchTrees\ValidateBST\1 - ValidateBST.csproj", "{1534BC24-CE00-4A01-9DC3-59CC60F845B3}"
EndProject
Project("{9A19103F-16F7-4668-BE54-9A1E7A4F7556}") = "1 - BSTTraversal", "BinarySearchTrees\BSTTraversal\1 - BSTTraversal.csproj", "{7DFE3A3C-306A-4728-B168-9F3070DAF029}"
EndProject
Project("{9A19103F-16F7-4668-BE54-9A1E7A4F7556}") = "1 - MinHeightBST", "BinarySearchTrees\MinHeightBST\1 - MinHeightBST.csproj", "{81489191-7D82-431E-BA19-20AFB2BC6459}"
EndProject
Project("{FAE04EC0-301F-11D3-BF4B-00C04F79EFBC}") = "2 - FindKthLargestValueInBST", "BinarySearchTrees\FindKthLargestValueInBST\2 - FindKthLargestValueInBST.csproj", "{BB55AC13-D365-4C75-9F69-8417D35845AF}"
EndProject
Project("{FAE04EC0-301F-11D3-BF4B-00C04F79EFBC}") = "2 - ReconstructBST", "BinarySearchTrees\ReconstructBST\2 - ReconstructBST.csproj", "{7A4E4F55-DB8F-49FA-A746-1A8B6C4347FB}"
EndProject
Project("{FAE04EC0-301F-11D3-BF4B-00C04F79EFBC}") = "3 - SameBSTs", "BinarySearchTrees\SameBSTs\3 - SameBSTs.csproj", "{8047F44B-587C-4B95-8EA1-364790658E3E}"
EndProject
Project("{FAE04EC0-301F-11D3-BF4B-00C04F79EFBC}") = "4 - RightSmallerThan", "BinarySearchTrees\RightSmallerThan\4 - RightSmallerThan.csproj", "{9AC1D96D-7B9B-4756-BA9E-8BCF8232394D}"
EndProject
Global
	GlobalSection(SolutionConfigurationPlatforms) = preSolution
		Debug|Any CPU = Debug|Any CPU
		Release|Any CPU = Release|Any CPU
	EndGlobalSection
	GlobalSection(ProjectConfigurationPlatforms) = postSolution
		{5DAD1F13-20B3-49BA-88ED-8FB70A151470}.Debug|Any CPU.ActiveCfg = Debug|Any CPU
		{5DAD1F13-20B3-49BA-88ED-8FB70A151470}.Debug|Any CPU.Build.0 = Debug|Any CPU
		{5DAD1F13-20B3-49BA-88ED-8FB70A151470}.Release|Any CPU.ActiveCfg = Release|Any CPU
		{5DAD1F13-20B3-49BA-88ED-8FB70A151470}.Release|Any CPU.Build.0 = Release|Any CPU
		{7276549D-5767-4470-BABA-6BD6D42AEB8B}.Debug|Any CPU.ActiveCfg = Debug|Any CPU
		{7276549D-5767-4470-BABA-6BD6D42AEB8B}.Debug|Any CPU.Build.0 = Debug|Any CPU
		{7276549D-5767-4470-BABA-6BD6D42AEB8B}.Release|Any CPU.ActiveCfg = Release|Any CPU
		{7276549D-5767-4470-BABA-6BD6D42AEB8B}.Release|Any CPU.Build.0 = Release|Any CPU
		{1A6157AF-C860-444B-9005-C339578453A6}.Debug|Any CPU.ActiveCfg = Debug|Any CPU
		{1A6157AF-C860-444B-9005-C339578453A6}.Debug|Any CPU.Build.0 = Debug|Any CPU
		{1A6157AF-C860-444B-9005-C339578453A6}.Release|Any CPU.ActiveCfg = Release|Any CPU
		{1A6157AF-C860-444B-9005-C339578453A6}.Release|Any CPU.Build.0 = Release|Any CPU
		{97C8FE61-05D0-46F8-937C-7125EAB4F3C5}.Debug|Any CPU.ActiveCfg = Debug|Any CPU
		{97C8FE61-05D0-46F8-937C-7125EAB4F3C5}.Debug|Any CPU.Build.0 = Debug|Any CPU
		{97C8FE61-05D0-46F8-937C-7125EAB4F3C5}.Release|Any CPU.ActiveCfg = Release|Any CPU
		{97C8FE61-05D0-46F8-937C-7125EAB4F3C5}.Release|Any CPU.Build.0 = Release|Any CPU
		{64CB02CC-AC56-4F60-9A65-78B61A5DD8C3}.Debug|Any CPU.ActiveCfg = Debug|Any CPU
		{64CB02CC-AC56-4F60-9A65-78B61A5DD8C3}.Debug|Any CPU.Build.0 = Debug|Any CPU
		{64CB02CC-AC56-4F60-9A65-78B61A5DD8C3}.Release|Any CPU.ActiveCfg = Release|Any CPU
		{64CB02CC-AC56-4F60-9A65-78B61A5DD8C3}.Release|Any CPU.Build.0 = Release|Any CPU
		{26B746B1-670D-4F0E-B3E5-788F6B25019B}.Debug|Any CPU.ActiveCfg = Debug|Any CPU
		{26B746B1-670D-4F0E-B3E5-788F6B25019B}.Debug|Any CPU.Build.0 = Debug|Any CPU
		{26B746B1-670D-4F0E-B3E5-788F6B25019B}.Release|Any CPU.ActiveCfg = Release|Any CPU
		{26B746B1-670D-4F0E-B3E5-788F6B25019B}.Release|Any CPU.Build.0 = Release|Any CPU
		{098CF74A-ED92-4145-99AE-510854F72B59}.Debug|Any CPU.ActiveCfg = Debug|Any CPU
		{098CF74A-ED92-4145-99AE-510854F72B59}.Debug|Any CPU.Build.0 = Debug|Any CPU
		{098CF74A-ED92-4145-99AE-510854F72B59}.Release|Any CPU.ActiveCfg = Release|Any CPU
		{098CF74A-ED92-4145-99AE-510854F72B59}.Release|Any CPU.Build.0 = Release|Any CPU
		{D07EE750-8AF5-4D08-8880-D7D31F72F4D9}.Debug|Any CPU.ActiveCfg = Debug|Any CPU
		{D07EE750-8AF5-4D08-8880-D7D31F72F4D9}.Debug|Any CPU.Build.0 = Debug|Any CPU
		{D07EE750-8AF5-4D08-8880-D7D31F72F4D9}.Release|Any CPU.ActiveCfg = Release|Any CPU
		{D07EE750-8AF5-4D08-8880-D7D31F72F4D9}.Release|Any CPU.Build.0 = Release|Any CPU
		{4E5DE057-5212-4DD6-A680-A0EBD0250A60}.Debug|Any CPU.ActiveCfg = Debug|Any CPU
		{4E5DE057-5212-4DD6-A680-A0EBD0250A60}.Debug|Any CPU.Build.0 = Debug|Any CPU
		{4E5DE057-5212-4DD6-A680-A0EBD0250A60}.Release|Any CPU.ActiveCfg = Release|Any CPU
		{4E5DE057-5212-4DD6-A680-A0EBD0250A60}.Release|Any CPU.Build.0 = Release|Any CPU
		{1A32E48B-0504-4B85-9915-748F0DDAFEFD}.Debug|Any CPU.ActiveCfg = Debug|Any CPU
		{1A32E48B-0504-4B85-9915-748F0DDAFEFD}.Debug|Any CPU.Build.0 = Debug|Any CPU
		{1A32E48B-0504-4B85-9915-748F0DDAFEFD}.Release|Any CPU.ActiveCfg = Release|Any CPU
		{1A32E48B-0504-4B85-9915-748F0DDAFEFD}.Release|Any CPU.Build.0 = Release|Any CPU
		{A22A9973-022A-4A48-B75A-820950AEBDFA}.Debug|Any CPU.ActiveCfg = Debug|Any CPU
		{A22A9973-022A-4A48-B75A-820950AEBDFA}.Debug|Any CPU.Build.0 = Debug|Any CPU
		{A22A9973-022A-4A48-B75A-820950AEBDFA}.Release|Any CPU.ActiveCfg = Release|Any CPU
		{A22A9973-022A-4A48-B75A-820950AEBDFA}.Release|Any CPU.Build.0 = Release|Any CPU
		{37EE025B-5127-4A4E-A432-A2E568771541}.Debug|Any CPU.ActiveCfg = Debug|Any CPU
		{37EE025B-5127-4A4E-A432-A2E568771541}.Debug|Any CPU.Build.0 = Debug|Any CPU
		{37EE025B-5127-4A4E-A432-A2E568771541}.Release|Any CPU.ActiveCfg = Release|Any CPU
		{37EE025B-5127-4A4E-A432-A2E568771541}.Release|Any CPU.Build.0 = Release|Any CPU
		{3223F9A1-2FC9-4E31-9D81-439E667B0858}.Debug|Any CPU.ActiveCfg = Debug|Any CPU
		{3223F9A1-2FC9-4E31-9D81-439E667B0858}.Debug|Any CPU.Build.0 = Debug|Any CPU
		{3223F9A1-2FC9-4E31-9D81-439E667B0858}.Release|Any CPU.ActiveCfg = Release|Any CPU
		{3223F9A1-2FC9-4E31-9D81-439E667B0858}.Release|Any CPU.Build.0 = Release|Any CPU
		{E9C62F5D-3A70-4724-BE9E-563C406E42B4}.Debug|Any CPU.ActiveCfg = Debug|Any CPU
		{E9C62F5D-3A70-4724-BE9E-563C406E42B4}.Debug|Any CPU.Build.0 = Debug|Any CPU
		{E9C62F5D-3A70-4724-BE9E-563C406E42B4}.Release|Any CPU.ActiveCfg = Release|Any CPU
		{E9C62F5D-3A70-4724-BE9E-563C406E42B4}.Release|Any CPU.Build.0 = Release|Any CPU
		{DEACD930-238D-40FB-A8E3-F4C63F5FCDA9}.Debug|Any CPU.ActiveCfg = Debug|Any CPU
		{DEACD930-238D-40FB-A8E3-F4C63F5FCDA9}.Debug|Any CPU.Build.0 = Debug|Any CPU
		{DEACD930-238D-40FB-A8E3-F4C63F5FCDA9}.Release|Any CPU.ActiveCfg = Release|Any CPU
		{DEACD930-238D-40FB-A8E3-F4C63F5FCDA9}.Release|Any CPU.Build.0 = Release|Any CPU
		{A14A70A3-9B7A-4662-AEF7-9BAAB736BE6C}.Debug|Any CPU.ActiveCfg = Debug|Any CPU
		{A14A70A3-9B7A-4662-AEF7-9BAAB736BE6C}.Debug|Any CPU.Build.0 = Debug|Any CPU
		{A14A70A3-9B7A-4662-AEF7-9BAAB736BE6C}.Release|Any CPU.ActiveCfg = Release|Any CPU
		{A14A70A3-9B7A-4662-AEF7-9BAAB736BE6C}.Release|Any CPU.Build.0 = Release|Any CPU
		{F695EBCA-EAA1-465A-9F47-8DC47904E346}.Debug|Any CPU.ActiveCfg = Debug|Any CPU
		{F695EBCA-EAA1-465A-9F47-8DC47904E346}.Debug|Any CPU.Build.0 = Debug|Any CPU
		{F695EBCA-EAA1-465A-9F47-8DC47904E346}.Release|Any CPU.ActiveCfg = Release|Any CPU
		{F695EBCA-EAA1-465A-9F47-8DC47904E346}.Release|Any CPU.Build.0 = Release|Any CPU
		{6E698EE0-91F5-4578-80D1-33AA9D7B60A7}.Debug|Any CPU.ActiveCfg = Debug|Any CPU
		{6E698EE0-91F5-4578-80D1-33AA9D7B60A7}.Debug|Any CPU.Build.0 = Debug|Any CPU
		{6E698EE0-91F5-4578-80D1-33AA9D7B60A7}.Release|Any CPU.ActiveCfg = Release|Any CPU
		{6E698EE0-91F5-4578-80D1-33AA9D7B60A7}.Release|Any CPU.Build.0 = Release|Any CPU
		{598DD6FC-7560-450F-8A7E-9BCB4C1F1B52}.Debug|Any CPU.ActiveCfg = Debug|Any CPU
		{598DD6FC-7560-450F-8A7E-9BCB4C1F1B52}.Debug|Any CPU.Build.0 = Debug|Any CPU
		{598DD6FC-7560-450F-8A7E-9BCB4C1F1B52}.Release|Any CPU.ActiveCfg = Release|Any CPU
		{598DD6FC-7560-450F-8A7E-9BCB4C1F1B52}.Release|Any CPU.Build.0 = Release|Any CPU
		{7FFB0ED2-FF22-4437-8BDE-79396F211E8C}.Debug|Any CPU.ActiveCfg = Debug|Any CPU
		{7FFB0ED2-FF22-4437-8BDE-79396F211E8C}.Debug|Any CPU.Build.0 = Debug|Any CPU
		{7FFB0ED2-FF22-4437-8BDE-79396F211E8C}.Release|Any CPU.ActiveCfg = Release|Any CPU
		{7FFB0ED2-FF22-4437-8BDE-79396F211E8C}.Release|Any CPU.Build.0 = Release|Any CPU
		{780A74F6-31ED-4E47-8127-EA8CC2FA383E}.Debug|Any CPU.ActiveCfg = Debug|Any CPU
		{780A74F6-31ED-4E47-8127-EA8CC2FA383E}.Debug|Any CPU.Build.0 = Debug|Any CPU
		{780A74F6-31ED-4E47-8127-EA8CC2FA383E}.Release|Any CPU.ActiveCfg = Release|Any CPU
		{780A74F6-31ED-4E47-8127-EA8CC2FA383E}.Release|Any CPU.Build.0 = Release|Any CPU
		{8D48CE8C-BABC-41BD-B56E-8F313AC8D2D0}.Debug|Any CPU.ActiveCfg = Debug|Any CPU
		{8D48CE8C-BABC-41BD-B56E-8F313AC8D2D0}.Debug|Any CPU.Build.0 = Debug|Any CPU
		{8D48CE8C-BABC-41BD-B56E-8F313AC8D2D0}.Release|Any CPU.ActiveCfg = Release|Any CPU
		{8D48CE8C-BABC-41BD-B56E-8F313AC8D2D0}.Release|Any CPU.Build.0 = Release|Any CPU
		{57B1BFBF-4213-46DF-AEEF-27E23AA27340}.Debug|Any CPU.ActiveCfg = Debug|Any CPU
		{57B1BFBF-4213-46DF-AEEF-27E23AA27340}.Debug|Any CPU.Build.0 = Debug|Any CPU
		{57B1BFBF-4213-46DF-AEEF-27E23AA27340}.Release|Any CPU.ActiveCfg = Release|Any CPU
		{57B1BFBF-4213-46DF-AEEF-27E23AA27340}.Release|Any CPU.Build.0 = Release|Any CPU
		{D4A15BA3-B722-4AEB-8983-84FA54C85C6C}.Debug|Any CPU.ActiveCfg = Debug|Any CPU
		{D4A15BA3-B722-4AEB-8983-84FA54C85C6C}.Debug|Any CPU.Build.0 = Debug|Any CPU
		{D4A15BA3-B722-4AEB-8983-84FA54C85C6C}.Release|Any CPU.ActiveCfg = Release|Any CPU
		{D4A15BA3-B722-4AEB-8983-84FA54C85C6C}.Release|Any CPU.Build.0 = Release|Any CPU
		{AC54DDED-F056-439B-9D32-45888FCDF89E}.Debug|Any CPU.ActiveCfg = Debug|Any CPU
		{AC54DDED-F056-439B-9D32-45888FCDF89E}.Debug|Any CPU.Build.0 = Debug|Any CPU
		{AC54DDED-F056-439B-9D32-45888FCDF89E}.Release|Any CPU.ActiveCfg = Release|Any CPU
		{AC54DDED-F056-439B-9D32-45888FCDF89E}.Release|Any CPU.Build.0 = Release|Any CPU
		{1534BC24-CE00-4A01-9DC3-59CC60F845B3}.Debug|Any CPU.ActiveCfg = Debug|Any CPU
		{1534BC24-CE00-4A01-9DC3-59CC60F845B3}.Debug|Any CPU.Build.0 = Debug|Any CPU
		{1534BC24-CE00-4A01-9DC3-59CC60F845B3}.Release|Any CPU.ActiveCfg = Release|Any CPU
		{1534BC24-CE00-4A01-9DC3-59CC60F845B3}.Release|Any CPU.Build.0 = Release|Any CPU
		{7DFE3A3C-306A-4728-B168-9F3070DAF029}.Debug|Any CPU.ActiveCfg = Debug|Any CPU
		{7DFE3A3C-306A-4728-B168-9F3070DAF029}.Debug|Any CPU.Build.0 = Debug|Any CPU
		{7DFE3A3C-306A-4728-B168-9F3070DAF029}.Release|Any CPU.ActiveCfg = Release|Any CPU
		{7DFE3A3C-306A-4728-B168-9F3070DAF029}.Release|Any CPU.Build.0 = Release|Any CPU
		{81489191-7D82-431E-BA19-20AFB2BC6459}.Debug|Any CPU.ActiveCfg = Debug|Any CPU
		{81489191-7D82-431E-BA19-20AFB2BC6459}.Debug|Any CPU.Build.0 = Debug|Any CPU
		{81489191-7D82-431E-BA19-20AFB2BC6459}.Release|Any CPU.ActiveCfg = Release|Any CPU
		{81489191-7D82-431E-BA19-20AFB2BC6459}.Release|Any CPU.Build.0 = Release|Any CPU
		{BB55AC13-D365-4C75-9F69-8417D35845AF}.Debug|Any CPU.ActiveCfg = Debug|Any CPU
		{BB55AC13-D365-4C75-9F69-8417D35845AF}.Debug|Any CPU.Build.0 = Debug|Any CPU
		{BB55AC13-D365-4C75-9F69-8417D35845AF}.Release|Any CPU.ActiveCfg = Release|Any CPU
		{BB55AC13-D365-4C75-9F69-8417D35845AF}.Release|Any CPU.Build.0 = Release|Any CPU
		{7A4E4F55-DB8F-49FA-A746-1A8B6C4347FB}.Debug|Any CPU.ActiveCfg = Debug|Any CPU
		{7A4E4F55-DB8F-49FA-A746-1A8B6C4347FB}.Debug|Any CPU.Build.0 = Debug|Any CPU
		{7A4E4F55-DB8F-49FA-A746-1A8B6C4347FB}.Release|Any CPU.ActiveCfg = Release|Any CPU
		{7A4E4F55-DB8F-49FA-A746-1A8B6C4347FB}.Release|Any CPU.Build.0 = Release|Any CPU
		{8047F44B-587C-4B95-8EA1-364790658E3E}.Debug|Any CPU.ActiveCfg = Debug|Any CPU
		{8047F44B-587C-4B95-8EA1-364790658E3E}.Debug|Any CPU.Build.0 = Debug|Any CPU
		{8047F44B-587C-4B95-8EA1-364790658E3E}.Release|Any CPU.ActiveCfg = Release|Any CPU
		{8047F44B-587C-4B95-8EA1-364790658E3E}.Release|Any CPU.Build.0 = Release|Any CPU
		{9AC1D96D-7B9B-4756-BA9E-8BCF8232394D}.Debug|Any CPU.ActiveCfg = Debug|Any CPU
		{9AC1D96D-7B9B-4756-BA9E-8BCF8232394D}.Debug|Any CPU.Build.0 = Debug|Any CPU
		{9AC1D96D-7B9B-4756-BA9E-8BCF8232394D}.Release|Any CPU.ActiveCfg = Release|Any CPU
		{9AC1D96D-7B9B-4756-BA9E-8BCF8232394D}.Release|Any CPU.Build.0 = Release|Any CPU
	EndGlobalSection
	GlobalSection(SolutionProperties) = preSolution
		HideSolutionNode = FALSE
	EndGlobalSection
	GlobalSection(NestedProjects) = preSolution
		{5DAD1F13-20B3-49BA-88ED-8FB70A151470} = {5781AB5D-1AC9-4EA0-89F2-E17F41CCFD9F}
		{7276549D-5767-4470-BABA-6BD6D42AEB8B} = {5781AB5D-1AC9-4EA0-89F2-E17F41CCFD9F}
		{1A6157AF-C860-444B-9005-C339578453A6} = {5781AB5D-1AC9-4EA0-89F2-E17F41CCFD9F}
		{97C8FE61-05D0-46F8-937C-7125EAB4F3C5} = {5781AB5D-1AC9-4EA0-89F2-E17F41CCFD9F}
		{64CB02CC-AC56-4F60-9A65-78B61A5DD8C3} = {5781AB5D-1AC9-4EA0-89F2-E17F41CCFD9F}
		{26B746B1-670D-4F0E-B3E5-788F6B25019B} = {5781AB5D-1AC9-4EA0-89F2-E17F41CCFD9F}
		{098CF74A-ED92-4145-99AE-510854F72B59} = {5781AB5D-1AC9-4EA0-89F2-E17F41CCFD9F}
		{D07EE750-8AF5-4D08-8880-D7D31F72F4D9} = {5781AB5D-1AC9-4EA0-89F2-E17F41CCFD9F}
		{4E5DE057-5212-4DD6-A680-A0EBD0250A60} = {5781AB5D-1AC9-4EA0-89F2-E17F41CCFD9F}
		{1A32E48B-0504-4B85-9915-748F0DDAFEFD} = {5781AB5D-1AC9-4EA0-89F2-E17F41CCFD9F}
		{A22A9973-022A-4A48-B75A-820950AEBDFA} = {5781AB5D-1AC9-4EA0-89F2-E17F41CCFD9F}
		{37EE025B-5127-4A4E-A432-A2E568771541} = {5781AB5D-1AC9-4EA0-89F2-E17F41CCFD9F}
		{3223F9A1-2FC9-4E31-9D81-439E667B0858} = {5781AB5D-1AC9-4EA0-89F2-E17F41CCFD9F}
		{E9C62F5D-3A70-4724-BE9E-563C406E42B4} = {5781AB5D-1AC9-4EA0-89F2-E17F41CCFD9F}
		{DEACD930-238D-40FB-A8E3-F4C63F5FCDA9} = {5781AB5D-1AC9-4EA0-89F2-E17F41CCFD9F}
		{A14A70A3-9B7A-4662-AEF7-9BAAB736BE6C} = {5781AB5D-1AC9-4EA0-89F2-E17F41CCFD9F}
		{F695EBCA-EAA1-465A-9F47-8DC47904E346} = {5781AB5D-1AC9-4EA0-89F2-E17F41CCFD9F}
		{6E698EE0-91F5-4578-80D1-33AA9D7B60A7} = {5781AB5D-1AC9-4EA0-89F2-E17F41CCFD9F}
		{598DD6FC-7560-450F-8A7E-9BCB4C1F1B52} = {5781AB5D-1AC9-4EA0-89F2-E17F41CCFD9F}
		{7FFB0ED2-FF22-4437-8BDE-79396F211E8C} = {5781AB5D-1AC9-4EA0-89F2-E17F41CCFD9F}
		{780A74F6-31ED-4E47-8127-EA8CC2FA383E} = {5781AB5D-1AC9-4EA0-89F2-E17F41CCFD9F}
		{8D48CE8C-BABC-41BD-B56E-8F313AC8D2D0} = {5781AB5D-1AC9-4EA0-89F2-E17F41CCFD9F}
		{57B1BFBF-4213-46DF-AEEF-27E23AA27340} = {5781AB5D-1AC9-4EA0-89F2-E17F41CCFD9F}
		{D4A15BA3-B722-4AEB-8983-84FA54C85C6C} = {F01432A4-56FC-4826-AB61-9F146F7935D4}
		{AC54DDED-F056-439B-9D32-45888FCDF89E} = {F01432A4-56FC-4826-AB61-9F146F7935D4}
		{1534BC24-CE00-4A01-9DC3-59CC60F845B3} = {F01432A4-56FC-4826-AB61-9F146F7935D4}
		{7DFE3A3C-306A-4728-B168-9F3070DAF029} = {F01432A4-56FC-4826-AB61-9F146F7935D4}
		{81489191-7D82-431E-BA19-20AFB2BC6459} = {F01432A4-56FC-4826-AB61-9F146F7935D4}
		{BB55AC13-D365-4C75-9F69-8417D35845AF} = {F01432A4-56FC-4826-AB61-9F146F7935D4}
		{7A4E4F55-DB8F-49FA-A746-1A8B6C4347FB} = {F01432A4-56FC-4826-AB61-9F146F7935D4}
		{8047F44B-587C-4B95-8EA1-364790658E3E} = {F01432A4-56FC-4826-AB61-9F146F7935D4}
		{9AC1D96D-7B9B-4756-BA9E-8BCF8232394D} = {F01432A4-56FC-4826-AB61-9F146F7935D4}
	EndGlobalSection
	GlobalSection(ExtensibilityGlobals) = postSolution
		SolutionGuid = {25C62ADF-B51B-41BA-A13D-B4F13522AE9E}
	EndGlobalSection
EndGlobal
