
Microsoft Visual Studio Solution File, Format Version 12.00
# Visual Studio Version 16
VisualStudioVersion = 16.0.31005.135
MinimumVisualStudioVersion = 10.0.40219.1
Project("{2150E333-8FDC-42A3-9474-1A3956D46DE8}") = "Arrays", "Arrays", "{5781AB5D-1AC9-4EA0-89F2-E17F41CCFD9F}"
EndProject
Project("{2150E333-8FDC-42A3-9474-1A3956D46DE8}") = "BinarySearchTrees", "BinarySearchTrees", "{F01432A4-56FC-4826-AB61-9F146F7935D4}"
EndProject
Project("{2150E333-8FDC-42A3-9474-1A3956D46DE8}") = "BinaryTrees", "BinaryTrees", "{7CFE3ED2-E862-455B-9C7E-E4A94F449119}"
EndProject
Project("{2150E333-8FDC-42A3-9474-1A3956D46DE8}") = "Graphs", "Graphs", "{4CC2EFC8-664D-47F5-9747-A8815FCC9583}"
EndProject
Project("{2150E333-8FDC-42A3-9474-1A3956D46DE8}") = "DynamicProgramming", "DynamicProgramming", "{D8909484-EFB7-4449-9EEF-89ABCD1678E6}"
EndProject
Project("{2150E333-8FDC-42A3-9474-1A3956D46DE8}") = "FamousAlgorithms", "FamousAlgorithms", "{9FEE141C-EB01-413D-9417-CA4D5822A8C8}"
EndProject
Project("{9A19103F-16F7-4668-BE54-9A1E7A4F7556}") = "1 - TwoNumberSum", "Arrays\TwoNumberSum\1 - TwoNumberSum.csproj", "{5DAD1F13-20B3-49BA-88ED-8FB70A151470}"
EndProject
Project("{9A19103F-16F7-4668-BE54-9A1E7A4F7556}") = "1 - ValidateSubsequence", "Arrays\ValidateSubsequence\1 - ValidateSubsequence.csproj", "{7276549D-5767-4470-BABA-6BD6D42AEB8B}"
EndProject
Project("{9A19103F-16F7-4668-BE54-9A1E7A4F7556}") = "1 - SortedSquaredArray", "Arrays\SortedSquaredArray\1 - SortedSquaredArray.csproj", "{1A6157AF-C860-444B-9005-C339578453A6}"
EndProject
Project("{9A19103F-16F7-4668-BE54-9A1E7A4F7556}") = "1 - TournamentWinner", "Arrays\TournamentWinner\1 - TournamentWinner.csproj", "{97C8FE61-05D0-46F8-937C-7125EAB4F3C5}"
EndProject
Project("{9A19103F-16F7-4668-BE54-9A1E7A4F7556}") = "1 - NonConstructibleChange", "Arrays\NonConstructibleChange\1 - NonConstructibleChange.csproj", "{64CB02CC-AC56-4F60-9A65-78B61A5DD8C3}"
EndProject
Project("{9A19103F-16F7-4668-BE54-9A1E7A4F7556}") = "2 - ThreeNumberSum", "Arrays\ThreeNumberSum\2 - ThreeNumberSum.csproj", "{26B746B1-670D-4F0E-B3E5-788F6B25019B}"
EndProject
Project("{9A19103F-16F7-4668-BE54-9A1E7A4F7556}") = "2 - SmallestDifference", "Arrays\SmallestDifference\2 - SmallestDifference.csproj", "{098CF74A-ED92-4145-99AE-510854F72B59}"
EndProject
Project("{9A19103F-16F7-4668-BE54-9A1E7A4F7556}") = "2 - MoveElementToEnd", "Arrays\MoveElementToEnd\2 - MoveElementToEnd.csproj", "{D07EE750-8AF5-4D08-8880-D7D31F72F4D9}"
EndProject
Project("{9A19103F-16F7-4668-BE54-9A1E7A4F7556}") = "2 - MonotonicArray", "Arrays\MonotonicArray\2 - MonotonicArray.csproj", "{4E5DE057-5212-4DD6-A680-A0EBD0250A60}"
EndProject
Project("{9A19103F-16F7-4668-BE54-9A1E7A4F7556}") = "2 - SpiralTraverse", "Arrays\SpiralTraverse\2 - SpiralTraverse.csproj", "{1A32E48B-0504-4B85-9915-748F0DDAFEFD}"
EndProject
Project("{9A19103F-16F7-4668-BE54-9A1E7A4F7556}") = "2 - LongestPeak", "Arrays\LongestPeak\2 - LongestPeak.csproj", "{A22A9973-022A-4A48-B75A-820950AEBDFA}"
EndProject
Project("{9A19103F-16F7-4668-BE54-9A1E7A4F7556}") = "2 - ArrayOfProducts", "Arrays\ArrayOfProducts\2 - ArrayOfProducts.csproj", "{37EE025B-5127-4A4E-A432-A2E568771541}"
EndProject
Project("{9A19103F-16F7-4668-BE54-9A1E7A4F7556}") = "2 - FirstDuplicateValue", "Arrays\FirstDuplicateValue\2 - FirstDuplicateValue.csproj", "{3223F9A1-2FC9-4E31-9D81-439E667B0858}"
EndProject
Project("{9A19103F-16F7-4668-BE54-9A1E7A4F7556}") = "3 - FourNumberSum", "Arrays\FourNumberSum\3 - FourNumberSum.csproj", "{E9C62F5D-3A70-4724-BE9E-563C406E42B4}"
EndProject
Project("{9A19103F-16F7-4668-BE54-9A1E7A4F7556}") = "3 - LargestRange", "Arrays\LargestRange\3 - LargestRange.csproj", "{DEACD930-238D-40FB-A8E3-F4C63F5FCDA9}"
EndProject
Project("{9A19103F-16F7-4668-BE54-9A1E7A4F7556}") = "3 - SubarraySort", "Arrays\SubarraySort\3 - SubarraySort.csproj", "{A14A70A3-9B7A-4662-AEF7-9BAAB736BE6C}"
EndProject
Project("{9A19103F-16F7-4668-BE54-9A1E7A4F7556}") = "3 - MinRewards", "Arrays\MinRewards\3 - MinRewards.csproj", "{F695EBCA-EAA1-465A-9F47-8DC47904E346}"
EndProject
Project("{9A19103F-16F7-4668-BE54-9A1E7A4F7556}") = "3 - ZigzagTraverse", "Arrays\ZigzagTraverse\3 - ZigzagTraverse.csproj", "{6E698EE0-91F5-4578-80D1-33AA9D7B60A7}"
EndProject
Project("{9A19103F-16F7-4668-BE54-9A1E7A4F7556}") = "4 - ApartmentHunting", "Arrays\ApartmentHunting\4 - ApartmentHunting.csproj", "{598DD6FC-7560-450F-8A7E-9BCB4C1F1B52}"
EndProject
Project("{9A19103F-16F7-4668-BE54-9A1E7A4F7556}") = "4 - CalendarMatching", "Arrays\CalendarMatching\4 - CalendarMatching.csproj", "{7FFB0ED2-FF22-4437-8BDE-79396F211E8C}"
EndProject
Project("{9A19103F-16F7-4668-BE54-9A1E7A4F7556}") = "4 - WaterfallStreams", "Arrays\WaterfallStreams\4 - WaterfallStreams.csproj", "{780A74F6-31ED-4E47-8127-EA8CC2FA383E}"
EndProject
Project("{9A19103F-16F7-4668-BE54-9A1E7A4F7556}") = "4 - MinimalAreaRectangle", "Arrays\MinimalAreaRectangle\4 - MinimalAreaRectangle.csproj", "{8D48CE8C-BABC-41BD-B56E-8F313AC8D2D0}"
EndProject
Project("{9A19103F-16F7-4668-BE54-9A1E7A4F7556}") = "4 - LineThroughPoints", "Arrays\LineThroughPoints\4 - LineThroughPoints.csproj", "{57B1BFBF-4213-46DF-AEEF-27E23AA27340}"
EndProject
Project("{9A19103F-16F7-4668-BE54-9A1E7A4F7556}") = "1 - FindClosestValueInBST", "BinarySearchTrees\FindClosestValueInBST\1 - FindClosestValueInBST.csproj", "{D4A15BA3-B722-4AEB-8983-84FA54C85C6C}"
EndProject
Project("{9A19103F-16F7-4668-BE54-9A1E7A4F7556}") = "1 - BSTConstruction", "BinarySearchTrees\BSTConstruction\1 - BSTConstruction.csproj", "{AC54DDED-F056-439B-9D32-45888FCDF89E}"
EndProject
Project("{9A19103F-16F7-4668-BE54-9A1E7A4F7556}") = "1 - ValidateBST", "BinarySearchTrees\ValidateBST\1 - ValidateBST.csproj", "{1534BC24-CE00-4A01-9DC3-59CC60F845B3}"
EndProject
Project("{9A19103F-16F7-4668-BE54-9A1E7A4F7556}") = "1 - BSTTraversal", "BinarySearchTrees\BSTTraversal\1 - BSTTraversal.csproj", "{7DFE3A3C-306A-4728-B168-9F3070DAF029}"
EndProject
Project("{9A19103F-16F7-4668-BE54-9A1E7A4F7556}") = "1 - MinHeightBST", "BinarySearchTrees\MinHeightBST\1 - MinHeightBST.csproj", "{81489191-7D82-431E-BA19-20AFB2BC6459}"
EndProject
Project("{9A19103F-16F7-4668-BE54-9A1E7A4F7556}") = "2 - FindKthLargestValueInBST", "BinarySearchTrees\FindKthLargestValueInBST\2 - FindKthLargestValueInBST.csproj", "{BB55AC13-D365-4C75-9F69-8417D35845AF}"
EndProject
Project("{9A19103F-16F7-4668-BE54-9A1E7A4F7556}") = "2 - ReconstructBST", "BinarySearchTrees\ReconstructBST\2 - ReconstructBST.csproj", "{7A4E4F55-DB8F-49FA-A746-1A8B6C4347FB}"
EndProject
Project("{9A19103F-16F7-4668-BE54-9A1E7A4F7556}") = "3 - SameBSTs", "BinarySearchTrees\SameBSTs\3 - SameBSTs.csproj", "{8047F44B-587C-4B95-8EA1-364790658E3E}"
EndProject
Project("{9A19103F-16F7-4668-BE54-9A1E7A4F7556}") = "4 - RightSmallerThan", "BinarySearchTrees\RightSmallerThan\4 - RightSmallerThan.csproj", "{9AC1D96D-7B9B-4756-BA9E-8BCF8232394D}"
EndProject
Project("{2150E333-8FDC-42A3-9474-1A3956D46DE8}") = "GreedyAlgorithms", "GreedyAlgorithms", "{B48F4CD4-59F6-421D-8077-C59E64904114}"
EndProject
Project("{9A19103F-16F7-4668-BE54-9A1E7A4F7556}") = "1 - MinimumWaitingTime", "GreedyAlgorithms\MinimumWaitingTime\1 - MinimumWaitingTime.csproj", "{032A0CF8-460B-4F32-BDF6-E444E63CB77C}"
EndProject
Project("{9A19103F-16F7-4668-BE54-9A1E7A4F7556}") = "1 - ClassPhotos", "GreedyAlgorithms\ClassPhotos\1 - ClassPhotos.csproj", "{3D433AF9-7E52-46D6-9FF0-B23D9BE12F1B}"
EndProject
Project("{9A19103F-16F7-4668-BE54-9A1E7A4F7556}") = "2 - TaskAssignment", "GreedyAlgorithms\TaskAssignment\2 - TaskAssignment.csproj", "{0FAF6FE2-2068-4381-8D09-5EA5B30F47B9}"
EndProject
Project("{9A19103F-16F7-4668-BE54-9A1E7A4F7556}") = "2 - ValidStartingCity", "GreedyAlgorithms\ValidStartingCity\2 - ValidStartingCity.csproj", "{7A465B98-162C-494E-A000-0E27F3521AE9}"
EndProject
Project("{9A19103F-16F7-4668-BE54-9A1E7A4F7556}") = "1 - BranchSums", "BinaryTrees\BranchSums\1 - BranchSums.csproj", "{8B20AC78-381B-4E32-904E-F1E26F130C5F}"
EndProject
Project("{9A19103F-16F7-4668-BE54-9A1E7A4F7556}") = "1 - NodeDepths", "BinaryTrees\NodeDepths\1 - NodeDepths.csproj", "{93F85B79-F6E2-48C7-BBF5-6BF13D69447F}"
EndProject
Project("{9A19103F-16F7-4668-BE54-9A1E7A4F7556}") = "2 - InvertBinaryTree", "BinaryTrees\InvertBinaryTree\2 - InvertBinaryTree.csproj", "{C5C94CF5-A3C7-46E0-8C85-CB0307379EC2}"
EndProject
Project("{9A19103F-16F7-4668-BE54-9A1E7A4F7556}") = "2 - BinaryTreeDiameter", "BinaryTrees\BinaryTreeDiameter\2 - BinaryTreeDiameter.csproj", "{F0C78723-A9C5-4D3A-B7A4-BCC428A0E10E}"
EndProject
Project("{9A19103F-16F7-4668-BE54-9A1E7A4F7556}") = "2 - FindSuccessor", "BinaryTrees\FindSuccessor\2 - FindSuccessor.csproj", "{D6B6AA1A-1210-451A-957C-12BC374F3F3D}"
EndProject
Project("{9A19103F-16F7-4668-BE54-9A1E7A4F7556}") = "2 - HeightBalancedBinaryTree", "BinaryTrees\HeightBalancedBinaryTree\2 - HeightBalancedBinaryTree.csproj", "{3AC42529-6763-4415-88B0-4245C6E633DD}"
EndProject
Project("{9A19103F-16F7-4668-BE54-9A1E7A4F7556}") = "3 - MaxPathSumInBinaryTree", "BinaryTrees\MaxPathSumInBinaryTree\3 - MaxPathSumInBinaryTree.csproj", "{559CD55B-D0BA-4923-9E43-F36A12EA6910}"
EndProject
Project("{9A19103F-16F7-4668-BE54-9A1E7A4F7556}") = "3 - FindNodesDistanceK", "BinaryTrees\FindNodesDistanceK\3 - FindNodesDistanceK.csproj", "{5371C12F-AB53-4E9C-939E-D3D38E50E3E0}"
EndProject
Project("{9A19103F-16F7-4668-BE54-9A1E7A4F7556}") = "4 - InteractiveInOrderTraversal", "BinaryTrees\InteractiveInOrderTraversal\4 - InteractiveInOrderTraversal.csproj", "{27BB98A1-21A0-44EB-914B-2800140EA722}"
EndProject
Project("{9A19103F-16F7-4668-BE54-9A1E7A4F7556}") = "4 - FlattenBinaryTree", "BinaryTrees\FlattenBinaryTree\4 - FlattenBinaryTree.csproj", "{1F921CD0-1BE8-478B-B4D3-FA78255C4A90}"
EndProject
Project("{9A19103F-16F7-4668-BE54-9A1E7A4F7556}") = "4 - RightSiblingTree", "BinaryTrees\RightSiblingTree\4 - RightSiblingTree.csproj", "{DFA844A5-EBF1-45FB-825D-6D8BBFA44120}"
EndProject
Project("{9A19103F-16F7-4668-BE54-9A1E7A4F7556}") = "4 - AllKindsOfNodeDepths", "BinaryTrees\AllKindsOfNodeDepths\4 - AllKindsOfNodeDepths.csproj", "{D22DB4A9-2FC1-4BF6-BB6E-E35324D4E837}"
EndProject
Project("{9A19103F-16F7-4668-BE54-9A1E7A4F7556}") = "2 - MaxSubsetSumNoAdjacent", "DynamicProgramming\MaxSubsetSumNoAdjacent\2 - MaxSubsetSumNoAdjacent.csproj", "{DF5C3319-2BBB-4258-85EA-E4A224212A57}"
EndProject
Project("{9A19103F-16F7-4668-BE54-9A1E7A4F7556}") = "2 - NumberOfWaysToMakeChange", "DynamicProgramming\NumberOfWaysToMakeChange\2 - NumberOfWaysToMakeChange.csproj", "{61689F4B-69E9-4618-943E-77E601FB793A}"
EndProject
Project("{9A19103F-16F7-4668-BE54-9A1E7A4F7556}") = "2 - MinNumberOfCoinsForChange", "DynamicProgramming\MinNumberOfCoinsForChange\2 - MinNumberOfCoinsForChange.csproj", "{87F6981E-1EBC-4459-AC86-099A563989AF}"
EndProject
Project("{9A19103F-16F7-4668-BE54-9A1E7A4F7556}") = "2 - LevenshteinDistance", "DynamicProgramming\LevenshteinDistance\2 - LevenshteinDistance.csproj", "{C3188833-1791-433A-B5E9-43D9EF4581A5}"
EndProject
Project("{9A19103F-16F7-4668-BE54-9A1E7A4F7556}") = "2 - NumberOfWaysToTraverseGraph", "DynamicProgramming\NumberOfWaysToTraverseGraph\2 - NumberOfWaysToTraverseGraph.csproj", "{2DA2B7B7-C8F7-4DB1-8824-3D49EFD9A3C2}"
EndProject
Project("{9A19103F-16F7-4668-BE54-9A1E7A4F7556}") = "3 - MaxSumIncreasingSubsequence", "DynamicProgramming\MaxSumIncreasingSubsequence\3 - MaxSumIncreasingSubsequence.csproj", "{E2E553C7-0DF5-4E90-A8E7-E46613C50099}"
EndProject
Project("{9A19103F-16F7-4668-BE54-9A1E7A4F7556}") = "3 - LongestCommonSubsequence", "DynamicProgramming\LongestCommonSubsequence\3 - LongestCommonSubsequence.csproj", "{02B12E80-CDA9-49AB-B212-7842E956B6F9}"
EndProject
Project("{9A19103F-16F7-4668-BE54-9A1E7A4F7556}") = "3 - MinNumberOfJumps", "DynamicProgramming\MinNumberOfJumps\3 - MinNumberOfJumps.csproj", "{503C5449-EF0E-4237-9984-7F26489E00EB}"
EndProject
Project("{9A19103F-16F7-4668-BE54-9A1E7A4F7556}") = "3 - WaterArea", "DynamicProgramming\WaterArea\3 - WaterArea.csproj", "{914FF1D5-EC82-424F-9942-98B996AE1ACE}"
EndProject
Project("{9A19103F-16F7-4668-BE54-9A1E7A4F7556}") = "3 - KnapsackProblem", "DynamicProgramming\KnapsackProblem\3 - KnapsackProblem.csproj", "{D1563332-4263-41E9-90AC-9050026C2F5E}"
EndProject
Project("{9A19103F-16F7-4668-BE54-9A1E7A4F7556}") = "3 - DiskStacking", "DynamicProgramming\DiskStacking\3 - DiskStacking.csproj", "{7C3C2948-9FB0-4D01-BA81-DE4D91B105E1}"
EndProject
Project("{9A19103F-16F7-4668-BE54-9A1E7A4F7556}") = "3 - NumbersInPi", "DynamicProgramming\NumbersInPi\3 - NumbersInPi.csproj", "{4057BCAF-E94C-4CAB-B153-2880D9A7D9A9}"
EndProject
Project("{9A19103F-16F7-4668-BE54-9A1E7A4F7556}") = "4 - MaxProfitWithKTransactions", "DynamicProgramming\MaxProfitWithKTransactions\4 - MaxProfitWithKTransactions.csproj", "{ED658C29-9FCD-4B9F-8614-99992F12AE51}"
EndProject
Project("{9A19103F-16F7-4668-BE54-9A1E7A4F7556}") = "4 - PalindromePartitioningMinCuts", "DynamicProgramming\PalindromePartitioningMinCuts\4 - PalindromePartitioningMinCuts.csproj", "{AEC98F2E-7F56-4DCB-86FE-08A5367636D1}"
EndProject
Project("{9A19103F-16F7-4668-BE54-9A1E7A4F7556}") = "4 - LongestIncreasingSubsequence", "DynamicProgramming\LongestIncreasingSubsequence\4 - LongestIncreasingSubsequence.csproj", "{00E30C7B-F83E-4FAE-8D44-CE0AD64B80A5}"
EndProject
Project("{9A19103F-16F7-4668-BE54-9A1E7A4F7556}") = "4 - LongestStringChain", "DynamicProgramming\LongestStringChain\4 - LongestStringChain.csproj", "{149B0283-CF5D-4D13-9F36-E7F8A3C218D7}"
EndProject
Project("{9A19103F-16F7-4668-BE54-9A1E7A4F7556}") = "4 - SquareOfZeroes", "DynamicProgramming\SquareOfZeroes\4 - SquareOfZeroes.csproj", "{2C3FD934-52FF-46CC-8EB5-E9554EEB2614}"
EndProject
Project("{9A19103F-16F7-4668-BE54-9A1E7A4F7556}") = "2 - KadanesAlgorithm", "FamousAlgorithms\KadanesAlgorithm\2 - KadanesAlgorithm.csproj", "{5BB5CB52-A818-46FA-BF63-E8C92E72C39D}"
EndProject
Project("{9A19103F-16F7-4668-BE54-9A1E7A4F7556}") = "3 - DijkstrasAlgorithm", "FamousAlgorithms\DijkstrasAlgorithm\3 - DijkstrasAlgorithm.csproj", "{65D4B50A-2B1F-4186-9128-A3303868AAEE}"
EndProject
Project("{9A19103F-16F7-4668-BE54-9A1E7A4F7556}") = "3 - TopologicalSort", "FamousAlgorithms\TopologicalSort\3 - TopologicalSort.csproj", "{B9D0799C-A906-42CF-9731-DD4CA2AE98AF}"
EndProject
Project("{9A19103F-16F7-4668-BE54-9A1E7A4F7556}") = "4 - KnuthMorrisPrattAlgorithm", "FamousAlgorithms\KnuthMorrisPrattAlgorithm\4 - KnuthMorrisPrattAlgorithm.csproj", "{4704D227-415B-4D79-90F5-3BCA160B30F6}"
EndProject
Project("{9A19103F-16F7-4668-BE54-9A1E7A4F7556}") = "4 - AAsteriskAlgorithm", "FamousAlgorithms\AAsteriskAlgorithm\4 - AAsteriskAlgorithm.csproj", "{4A311076-C5CC-421F-9C4C-12ECE45B1F70}"
EndProject
Project("{9A19103F-16F7-4668-BE54-9A1E7A4F7556}") = "1 - DepthFirstSearch", "Graphs\DepthFirstSearch\1 - DepthFirstSearch.csproj", "{930AB93B-BC4D-4691-9A85-6458CA4DBAA2}"
EndProject
Project("{9A19103F-16F7-4668-BE54-9A1E7A4F7556}") = "2 - SingleCycleCheck", "Graphs\SingleCycleCheck\2 - SingleCycleCheck.csproj", "{9D2AD410-421D-4538-B5F4-4F01F47C7A80}"
EndProject
Project("{9A19103F-16F7-4668-BE54-9A1E7A4F7556}") = "2 - BreadthFirstSearch", "Graphs\BreadthFirstSearch\2 - BreadthFirstSearch.csproj", "{B586B8DB-1741-4490-B0DD-850480233C0F}"
EndProject
Project("{9A19103F-16F7-4668-BE54-9A1E7A4F7556}") = "2 - RiverSizes", "Graphs\RiverSizes\2 - RiverSizes.csproj", "{988A0729-B4CF-479D-B950-461C1B0764EA}"
EndProject
Project("{9A19103F-16F7-4668-BE54-9A1E7A4F7556}") = "2 - YoungestCommonAncestor", "Graphs\YoungestCommonAncestor\2 - YoungestCommonAncestor.csproj", "{8B8ACB70-82AA-46EA-85E7-DA740A46132B}"
EndProject
Project("{9A19103F-16F7-4668-BE54-9A1E7A4F7556}") = "2 - RemoveIslands", "Graphs\RemoveIslands\2 - RemoveIslands.csproj", "{E6A92AF1-6313-4171-BC88-62C58EDD30BB}"
EndProject
Project("{9A19103F-16F7-4668-BE54-9A1E7A4F7556}") = "2 - CycleInGraphs", "Graphs\CycleInGraphs\2 - CycleInGraphs.csproj", "{BB73BA8B-FA36-4589-8768-73DF3779F173}"
EndProject
Project("{9A19103F-16F7-4668-BE54-9A1E7A4F7556}") = "3 - BoggleBoard", "Graphs\BoggleBoard\3 - BoggleBoard.csproj", "{515325AE-40C2-4ED3-8FC4-26CB57071622}"
EndProject
Project("{9A19103F-16F7-4668-BE54-9A1E7A4F7556}") = "4 - RectangleMania", "Graphs\RectangleMania\4 - RectangleMania.csproj", "{CCE2362F-C1A8-4FCB-B415-A6BD422C2E28}"
EndProject
Project("{9A19103F-16F7-4668-BE54-9A1E7A4F7556}") = "4 - AirportConnections", "Graphs\AirportConnections\4 - AirportConnections.csproj", "{722A2C9E-C2CB-4DA1-995D-F56BFF7A0BCC}"
EndProject
Project("{2150E333-8FDC-42A3-9474-1A3956D46DE8}") = "Heaps", "Heaps", "{3B1FA9D6-AA9D-4753-8439-B7A0F5DD03E9}"
EndProject
Project("{2150E333-8FDC-42A3-9474-1A3956D46DE8}") = "LinkedLists", "LinkedLists", "{AB242B74-B16A-4245-B684-8CCEBF3DBFAC}"
EndProject
Project("{2150E333-8FDC-42A3-9474-1A3956D46DE8}") = "Recursion", "Recursion", "{0F78F98C-E3B3-4EBD-8A66-7DA2B09FBD1D}"
EndProject
Project("{2150E333-8FDC-42A3-9474-1A3956D46DE8}") = "Searching", "Searching", "{5B7612BE-2895-456F-89BF-9DC1398BE3C1}"
EndProject
Project("{2150E333-8FDC-42A3-9474-1A3956D46DE8}") = "Sorting", "Sorting", "{8829693F-712A-4D1E-9D32-C1C658DE4329}"
EndProject
Project("{2150E333-8FDC-42A3-9474-1A3956D46DE8}") = "Stacks", "Stacks", "{E5435DB1-7005-405F-A05A-5938E1113AE7}"
EndProject
Project("{2150E333-8FDC-42A3-9474-1A3956D46DE8}") = "Strings", "Strings", "{FA33724A-FB9A-45D9-B849-97251002A1B3}"
EndProject
Project("{2150E333-8FDC-42A3-9474-1A3956D46DE8}") = "Tries", "Tries", "{AC46A066-1912-4512-9C8D-8FB9830240B9}"
EndProject
Project("{9A19103F-16F7-4668-BE54-9A1E7A4F7556}") = "2 - MinHeapConstruction", "Heaps\MinHeapConstruction\2 - MinHeapConstruction.csproj", "{A23D944C-64A7-4C19-8D03-8B83940CB7F8}"
EndProject
Project("{9A19103F-16F7-4668-BE54-9A1E7A4F7556}") = "3 - ContinuousMedian", "Heaps\ContinuousMedian\3 - ContinuousMedian.csproj", "{11142781-37EC-4EC3-A03A-F1DC01E3288B}"
EndProject
Project("{9A19103F-16F7-4668-BE54-9A1E7A4F7556}") = "3 - SortKSortedArray", "Heaps\SortKSortedArray\3 - SortKSortedArray.csproj", "{EE82A07B-248B-42A7-A708-F548BEA9E98A}"
EndProject
Project("{9A19103F-16F7-4668-BE54-9A1E7A4F7556}") = "4 - MergeSortedArrays", "Heaps\MergeSortedArrays\4 - MergeSortedArrays.csproj", "{486EB097-E0F0-440F-9AD7-28DC0CA27149}"
EndProject
Project("{9A19103F-16F7-4668-BE54-9A1E7A4F7556}") = "1 - RemoveDuplicatesFromLinkedList", "LinkedLists\RemoveDuplicatesFromLinkedList\1 - RemoveDuplicatesFromLinkedList.csproj", "{41E1CDD3-A24E-4F51-97ED-98FF5F34DE06}"
EndProject
Project("{9A19103F-16F7-4668-BE54-9A1E7A4F7556}") = "2 - LinkedListConstruction", "LinkedLists\LinkedListConstruction\2 - LinkedListConstruction.csproj", "{0CFEACC9-EB6E-4D24-871F-2E126E6F04AC}"
EndProject
Project("{9A19103F-16F7-4668-BE54-9A1E7A4F7556}") = "2 - RemoveKthNodeFromNode", "LinkedLists\RemoveKthNodeFromNode\2 - RemoveKthNodeFromNode.csproj", "{8CF5906B-491D-4B7A-BA21-B6EAC52376D3}"
EndProject
Project("{9A19103F-16F7-4668-BE54-9A1E7A4F7556}") = "2 - SumOfLinkedList", "LinkedLists\SumOfLinkedList\2 - SumOfLinkedList.csproj", "{0DA065BE-3535-4B6C-9706-5482D9926AE3}"
EndProject
Project("{9A19103F-16F7-4668-BE54-9A1E7A4F7556}") = "3 - FindLoop", "LinkedLists\FindLoop\3 - FindLoop.csproj", "{2924F704-551E-4401-A8A1-EBC8E8D2D567}"
EndProject
Project("{9A19103F-16F7-4668-BE54-9A1E7A4F7556}") = "3 - ReverseLinkedList", "LinkedLists\ReverseLinkedList\3 - ReverseLinkedList.csproj", "{200BD179-73CB-49DC-B1EB-036058FC9B7C}"
EndProject
Project("{9A19103F-16F7-4668-BE54-9A1E7A4F7556}") = "3 - MergeLinkedList", "LinkedLists\MergeLinkedList\3 - MergeLinkedList.csproj", "{FAF81682-2E38-486C-B8FF-950E5B47C6CB}"
EndProject
Project("{9A19103F-16F7-4668-BE54-9A1E7A4F7556}") = "3 - ShiftLinkedList", "LinkedLists\ShiftLinkedList\3 - ShiftLinkedList.csproj", "{296EB553-8943-47D7-9189-8DB9DC252E5D}"
EndProject
Project("{9A19103F-16F7-4668-BE54-9A1E7A4F7556}") = "4 - LRUCache", "LinkedLists\LRUCache\4 - LRUCache.csproj", "{F1CDDC55-DFD6-4C71-B00A-45E674B7B445}"
EndProject
Project("{9A19103F-16F7-4668-BE54-9A1E7A4F7556}") = "4 - RearrangeLinkedList", "LinkedLists\RearrangeLinkedList\4 - RearrangeLinkedList.csproj", "{4BBAC6EA-C61C-403E-BECA-724B9874F348}"
EndProject
Project("{9A19103F-16F7-4668-BE54-9A1E7A4F7556}") = "4 - LinkedListPalindrome", "LinkedLists\LinkedListPalindrome\4 - LinkedListPalindrome.csproj", "{EB09FA1A-C341-4DB0-A957-AE93AF9D8DAD}"
EndProject
Project("{9A19103F-16F7-4668-BE54-9A1E7A4F7556}") = "4 - ZipLinkedList", "LinkedLists\ZipLinkedList\4 - ZipLinkedList.csproj", "{6CAE9830-53AB-4899-BD86-645593558214}"
EndProject
Project("{9A19103F-16F7-4668-BE54-9A1E7A4F7556}") = "1 - NthFibonacci", "Recursion\NthFibonacci\1 - NthFibonacci.csproj", "{194A094F-D7BF-46C0-ACA1-77C41D22CEA1}"
EndProject
Project("{9A19103F-16F7-4668-BE54-9A1E7A4F7556}") = "1 - ProductSum", "Recursion\ProductSum\1 - ProductSum.csproj", "{85E8E88D-5F15-4183-93A1-4B653345AC51}"
EndProject
Project("{9A19103F-16F7-4668-BE54-9A1E7A4F7556}") = "2 - Permutations", "Recursion\Permutations\2 - Permutations.csproj", "{AE916718-B234-403A-9993-50974B9EF59A}"
EndProject
Project("{9A19103F-16F7-4668-BE54-9A1E7A4F7556}") = "2 - Powerset", "Recursion\Powerset\2 - Powerset.csproj", "{F8912EA0-5146-42DD-BCEA-22C409E17C54}"
EndProject
Project("{9A19103F-16F7-4668-BE54-9A1E7A4F7556}") = "2 - PhoneNumberMnemonics", "Recursion\PhoneNumberMnemonics\2 - PhoneNumberMnemonics.csproj", "{EE9B649F-BCEB-4DEA-B4A6-4B7D48F8A071}"
EndProject
Project("{9A19103F-16F7-4668-BE54-9A1E7A4F7556}") = "2 - StaircaseTraversal", "Recursion\StaircaseTraversal\2 - StaircaseTraversal.csproj", "{68B47239-CCED-45AC-8889-871179ADEB45}"
EndProject
Project("{9A19103F-16F7-4668-BE54-9A1E7A4F7556}") = "3 - LowestCommonManager", "Recursion\LowestCommonManager\3 - LowestCommonManager.csproj", "{C1A9690B-E498-4D35-B0A6-53E53A21E4D8}"
EndProject
Project("{9A19103F-16F7-4668-BE54-9A1E7A4F7556}") = "3 - InterweavingStrings", "Recursion\InterweavingStrings\3 - InterweavingStrings.csproj", "{56EDFA33-B3BA-4492-8849-96DC1DE03D48}"
EndProject
Project("{9A19103F-16F7-4668-BE54-9A1E7A4F7556}") = "3 - SolveSudoku", "Recursion\SolveSudoku\3 - SolveSudoku.csproj", "{17C6AEB2-6FE1-44B4-AC2B-F0C1EB3D8084}"
EndProject
Project("{9A19103F-16F7-4668-BE54-9A1E7A4F7556}") = "3 - GenerateDivTags", "Recursion\GenerateDivTags\3 - GenerateDivTags.csproj", "{C34A3E71-8B1B-4232-B59F-F52330DF12C6}"
EndProject
Project("{9A19103F-16F7-4668-BE54-9A1E7A4F7556}") = "4 - NumberOfBinaryTreeTopologies", "Recursion\NumberOfBinaryTreeTopologies\4 - NumberOfBinaryTreeTopologies.csproj", "{0D294466-1168-44BF-916B-32102F2E0A70}"
EndProject
Project("{9A19103F-16F7-4668-BE54-9A1E7A4F7556}") = "1 - BinarySearch", "Searching\BinarySearch\1 - BinarySearch.csproj", "{A39B1AA9-D605-4C4B-A2DC-77DBF2AE67F7}"
EndProject
Project("{9A19103F-16F7-4668-BE54-9A1E7A4F7556}") = "1 - FindThreeLargestNumbers", "Searching\FindThreeLargestNumbers\1 - FindThreeLargestNumbers.csproj", "{FB622699-00B7-49C8-86E1-671A9CBED1CF}"
EndProject
Project("{9A19103F-16F7-4668-BE54-9A1E7A4F7556}") = "2 - SearchInSortedMatrix", "Searching\SearchInSortedMatrix\2 - SearchInSortedMatrix.csproj", "{C8A1940F-4893-4E17-BDAE-5DC86D9B5CB2}"
EndProject
Project("{9A19103F-16F7-4668-BE54-9A1E7A4F7556}") = "3 - ShiftedBinarySearch", "Searching\ShiftedBinarySearch\3 - ShiftedBinarySearch.csproj", "{0F78D810-E615-4439-B6B4-CEE1DD95B61B}"
EndProject
Project("{9A19103F-16F7-4668-BE54-9A1E7A4F7556}") = "3 - SearchForRange", "Searching\SearchForRange\3 - SearchForRange.csproj", "{11483DE8-73D3-448E-B00D-4B9CFB6B6858}"
EndProject
Project("{9A19103F-16F7-4668-BE54-9A1E7A4F7556}") = "3 - Quickselect", "Searching\Quickselect\3 - Quickselect.csproj", "{A009DBC6-F52F-4064-A1B6-68A5888DEC71}"
EndProject
Project("{9A19103F-16F7-4668-BE54-9A1E7A4F7556}") = "3 - IndexEqualsValue", "Searching\IndexEqualsValue\3 - IndexEqualsValue.csproj", "{2B3BEF8E-6502-4749-AE04-ED5301644F2C}"
EndProject
Project("{9A19103F-16F7-4668-BE54-9A1E7A4F7556}") = "1 - BubbleSort", "Sorting\BubbleSort\1 - BubbleSort.csproj", "{D36C8A61-0B6A-45D2-A7E8-23A1C625542F}"
EndProject
Project("{9A19103F-16F7-4668-BE54-9A1E7A4F7556}") = "1 - InsertionSort", "Sorting\InsertionSort\1 - InsertionSort.csproj", "{61922AF8-3B10-44F5-9895-0C87ED43CFBA}"
EndProject
Project("{9A19103F-16F7-4668-BE54-9A1E7A4F7556}") = "1 - SelectionSort", "Sorting\SelectionSort\1 - SelectionSort.csproj", "{DD5828AA-2552-4B7A-B72B-33B03180B206}"
EndProject
Project("{9A19103F-16F7-4668-BE54-9A1E7A4F7556}") = "2 - ThreeNumberSort", "Sorting\ThreeNumberSort\2 - ThreeNumberSort.csproj", "{63FF5D6C-D846-4F43-9BAA-98C2147A0636}"
EndProject
Project("{9A19103F-16F7-4668-BE54-9A1E7A4F7556}") = "3 - QuickSort", "Sorting\QuickSort\3 - QuickSort.csproj", "{FA327A4F-9F3B-483E-8633-BF0906EB9212}"
EndProject
Project("{9A19103F-16F7-4668-BE54-9A1E7A4F7556}") = "3 - HeapSort", "Sorting\HeapSort\3 - HeapSort.csproj", "{8DD0D925-DDD3-49F7-9C7D-C90925F1D5BB}"
EndProject
Project("{9A19103F-16F7-4668-BE54-9A1E7A4F7556}") = "4 - MergeSort", "Sorting\MergeSort\4 - MergeSort.csproj", "{B2176632-1288-4329-AB7A-7BF9A604AA2A}"
EndProject
Project("{9A19103F-16F7-4668-BE54-9A1E7A4F7556}") = "2 - MinMaxStackConstruction", "Stacks\MinMaxStackConstruction\2 - MinMaxStackConstruction.csproj", "{F354B5D3-A967-477C-960F-482E9F791B14}"
EndProject
Project("{9A19103F-16F7-4668-BE54-9A1E7A4F7556}") = "2 - BalancedBrackets", "Stacks\BalancedBrackets\2 - BalancedBrackets.csproj", "{6D11D9BC-B286-4697-A33F-70BDD638E9B1}"
EndProject
Project("{9A19103F-16F7-4668-BE54-9A1E7A4F7556}") = "2 - SunsetViews", "Stacks\SunsetViews\2 - SunsetViews.csproj", "{EAB65EDA-23CD-4DCC-8917-BE7757ADEA58}"
EndProject
Project("{9A19103F-16F7-4668-BE54-9A1E7A4F7556}") = "3 - ShortenPath", "Stacks\ShortenPath\3 - ShortenPath.csproj", "{E7958B66-9DEB-4B86-99F9-0BBFEB74A781}"
EndProject
Project("{9A19103F-16F7-4668-BE54-9A1E7A4F7556}") = "1 - PalindromeCheck", "Strings\PalindromeCheck\1 - PalindromeCheck.csproj", "{B34D7687-A722-4E5F-A6B3-5E9F07F9901C}"
EndProject
Project("{9A19103F-16F7-4668-BE54-9A1E7A4F7556}") = "1 - CeasarCipherEncryptor", "Strings\CeasarCipherEncryptor\1 - CeasarCipherEncryptor.csproj", "{C362E2C6-5C3F-4EE7-8419-798246120C67}"
EndProject
Project("{9A19103F-16F7-4668-BE54-9A1E7A4F7556}") = "1 - RunLengthEncoding", "Strings\RunLengthEncoding\1 - RunLengthEncoding.csproj", "{C4C1E426-505C-46B4-89E1-BD4AB120D09E}"
EndProject
Project("{9A19103F-16F7-4668-BE54-9A1E7A4F7556}") = "1 - GenerateDocument", "Strings\GenerateDocument\1 - GenerateDocument.csproj", "{9F61C46E-0408-44D6-9F3F-5C2F385698E7}"
EndProject
Project("{9A19103F-16F7-4668-BE54-9A1E7A4F7556}") = "2 - LongestPalindromicSubstring", "Strings\LongestPalindromicSubstring\2 - LongestPalindromicSubstring.csproj", "{EBB89529-B14C-43BE-A145-1556C346630B}"
EndProject
Project("{9A19103F-16F7-4668-BE54-9A1E7A4F7556}") = "2 - GroupAnagrams", "Strings\GroupAnagrams\2 - GroupAnagrams.csproj", "{AF7D5704-59F7-4931-8FA5-B9CDA4968F64}"
EndProject
Project("{9A19103F-16F7-4668-BE54-9A1E7A4F7556}") = "2 - ValidIPAddresses", "Strings\ValidIPAddresses\2 - ValidIPAddresses.csproj", "{B2D9F487-05A0-4856-AB9C-1FE569CFC8FD}"
EndProject
Project("{9A19103F-16F7-4668-BE54-9A1E7A4F7556}") = "2 - ReverseWordsInString", "Strings\ReverseWordsInString\2 - ReverseWordsInString.csproj", "{69649EB4-A8BA-429E-9931-4F43B43EB1FB}"
EndProject
Project("{9A19103F-16F7-4668-BE54-9A1E7A4F7556}") = "3 - LongestSubstringWithoutDuplication", "Strings\LongestSubstringWithoutDuplication\3 - LongestSubstringWithoutDuplication.csproj", "{F2E74D58-322E-413E-8698-686E08E93A57}"
EndProject
Project("{9A19103F-16F7-4668-BE54-9A1E7A4F7556}") = "3 - UnderscorifySubstring", "Strings\UnderscorifySubstring\3 - UnderscorifySubstring.csproj", "{67C58AAE-A36B-46F8-A5FA-019A52E32610}"
EndProject
Project("{9A19103F-16F7-4668-BE54-9A1E7A4F7556}") = "3 - PatternMatcher", "Strings\PatternMatcher\3 - PatternMatcher.csproj", "{6CE1BA06-5E9F-4454-B6DB-2F8EF9176AAA}"
EndProject
Project("{9A19103F-16F7-4668-BE54-9A1E7A4F7556}") = "4 - SmallestSubstringContaining", "Strings\SmallestSubstringContaining\4 - SmallestSubstringContaining.csproj", "{E9B19E38-5685-4778-AC8C-E358B2BA5F30}"
EndProject
Project("{9A19103F-16F7-4668-BE54-9A1E7A4F7556}") = "4 - LongestBalancedSubstring", "Strings\LongestBalancedSubstring\4 - LongestBalancedSubstring.csproj", "{A61FBF90-5069-4078-8E55-FD798919FC61}"
EndProject
Project("{FAE04EC0-301F-11D3-BF4B-00C04F79EFBC}") = "SuffixTrieConstruction", "Tries\SuffixTrieConstruction\SuffixTrieConstruction.csproj", "{14AA7B2D-84B6-426E-9D93-1E1C864E1AC3}"
EndProject
Project("{FAE04EC0-301F-11D3-BF4B-00C04F79EFBC}") = "MultiStringSearch", "Tries\MultiStringSearch\MultiStringSearch.csproj", "{D5D7697C-97AE-4584-A225-D872DC97B702}"
EndProject
Global
	GlobalSection(SolutionConfigurationPlatforms) = preSolution
		Debug|Any CPU = Debug|Any CPU
		Release|Any CPU = Release|Any CPU
	EndGlobalSection
	GlobalSection(ProjectConfigurationPlatforms) = postSolution
		{5DAD1F13-20B3-49BA-88ED-8FB70A151470}.Debug|Any CPU.ActiveCfg = Debug|Any CPU
		{5DAD1F13-20B3-49BA-88ED-8FB70A151470}.Debug|Any CPU.Build.0 = Debug|Any CPU
		{5DAD1F13-20B3-49BA-88ED-8FB70A151470}.Release|Any CPU.ActiveCfg = Release|Any CPU
		{5DAD1F13-20B3-49BA-88ED-8FB70A151470}.Release|Any CPU.Build.0 = Release|Any CPU
		{7276549D-5767-4470-BABA-6BD6D42AEB8B}.Debug|Any CPU.ActiveCfg = Debug|Any CPU
		{7276549D-5767-4470-BABA-6BD6D42AEB8B}.Debug|Any CPU.Build.0 = Debug|Any CPU
		{7276549D-5767-4470-BABA-6BD6D42AEB8B}.Release|Any CPU.ActiveCfg = Release|Any CPU
		{7276549D-5767-4470-BABA-6BD6D42AEB8B}.Release|Any CPU.Build.0 = Release|Any CPU
		{1A6157AF-C860-444B-9005-C339578453A6}.Debug|Any CPU.ActiveCfg = Debug|Any CPU
		{1A6157AF-C860-444B-9005-C339578453A6}.Debug|Any CPU.Build.0 = Debug|Any CPU
		{1A6157AF-C860-444B-9005-C339578453A6}.Release|Any CPU.ActiveCfg = Release|Any CPU
		{1A6157AF-C860-444B-9005-C339578453A6}.Release|Any CPU.Build.0 = Release|Any CPU
		{97C8FE61-05D0-46F8-937C-7125EAB4F3C5}.Debug|Any CPU.ActiveCfg = Debug|Any CPU
		{97C8FE61-05D0-46F8-937C-7125EAB4F3C5}.Debug|Any CPU.Build.0 = Debug|Any CPU
		{97C8FE61-05D0-46F8-937C-7125EAB4F3C5}.Release|Any CPU.ActiveCfg = Release|Any CPU
		{97C8FE61-05D0-46F8-937C-7125EAB4F3C5}.Release|Any CPU.Build.0 = Release|Any CPU
		{64CB02CC-AC56-4F60-9A65-78B61A5DD8C3}.Debug|Any CPU.ActiveCfg = Debug|Any CPU
		{64CB02CC-AC56-4F60-9A65-78B61A5DD8C3}.Debug|Any CPU.Build.0 = Debug|Any CPU
		{64CB02CC-AC56-4F60-9A65-78B61A5DD8C3}.Release|Any CPU.ActiveCfg = Release|Any CPU
		{64CB02CC-AC56-4F60-9A65-78B61A5DD8C3}.Release|Any CPU.Build.0 = Release|Any CPU
		{26B746B1-670D-4F0E-B3E5-788F6B25019B}.Debug|Any CPU.ActiveCfg = Debug|Any CPU
		{26B746B1-670D-4F0E-B3E5-788F6B25019B}.Debug|Any CPU.Build.0 = Debug|Any CPU
		{26B746B1-670D-4F0E-B3E5-788F6B25019B}.Release|Any CPU.ActiveCfg = Release|Any CPU
		{26B746B1-670D-4F0E-B3E5-788F6B25019B}.Release|Any CPU.Build.0 = Release|Any CPU
		{098CF74A-ED92-4145-99AE-510854F72B59}.Debug|Any CPU.ActiveCfg = Debug|Any CPU
		{098CF74A-ED92-4145-99AE-510854F72B59}.Debug|Any CPU.Build.0 = Debug|Any CPU
		{098CF74A-ED92-4145-99AE-510854F72B59}.Release|Any CPU.ActiveCfg = Release|Any CPU
		{098CF74A-ED92-4145-99AE-510854F72B59}.Release|Any CPU.Build.0 = Release|Any CPU
		{D07EE750-8AF5-4D08-8880-D7D31F72F4D9}.Debug|Any CPU.ActiveCfg = Debug|Any CPU
		{D07EE750-8AF5-4D08-8880-D7D31F72F4D9}.Debug|Any CPU.Build.0 = Debug|Any CPU
		{D07EE750-8AF5-4D08-8880-D7D31F72F4D9}.Release|Any CPU.ActiveCfg = Release|Any CPU
		{D07EE750-8AF5-4D08-8880-D7D31F72F4D9}.Release|Any CPU.Build.0 = Release|Any CPU
		{4E5DE057-5212-4DD6-A680-A0EBD0250A60}.Debug|Any CPU.ActiveCfg = Debug|Any CPU
		{4E5DE057-5212-4DD6-A680-A0EBD0250A60}.Debug|Any CPU.Build.0 = Debug|Any CPU
		{4E5DE057-5212-4DD6-A680-A0EBD0250A60}.Release|Any CPU.ActiveCfg = Release|Any CPU
		{4E5DE057-5212-4DD6-A680-A0EBD0250A60}.Release|Any CPU.Build.0 = Release|Any CPU
		{1A32E48B-0504-4B85-9915-748F0DDAFEFD}.Debug|Any CPU.ActiveCfg = Debug|Any CPU
		{1A32E48B-0504-4B85-9915-748F0DDAFEFD}.Debug|Any CPU.Build.0 = Debug|Any CPU
		{1A32E48B-0504-4B85-9915-748F0DDAFEFD}.Release|Any CPU.ActiveCfg = Release|Any CPU
		{1A32E48B-0504-4B85-9915-748F0DDAFEFD}.Release|Any CPU.Build.0 = Release|Any CPU
		{A22A9973-022A-4A48-B75A-820950AEBDFA}.Debug|Any CPU.ActiveCfg = Debug|Any CPU
		{A22A9973-022A-4A48-B75A-820950AEBDFA}.Debug|Any CPU.Build.0 = Debug|Any CPU
		{A22A9973-022A-4A48-B75A-820950AEBDFA}.Release|Any CPU.ActiveCfg = Release|Any CPU
		{A22A9973-022A-4A48-B75A-820950AEBDFA}.Release|Any CPU.Build.0 = Release|Any CPU
		{37EE025B-5127-4A4E-A432-A2E568771541}.Debug|Any CPU.ActiveCfg = Debug|Any CPU
		{37EE025B-5127-4A4E-A432-A2E568771541}.Debug|Any CPU.Build.0 = Debug|Any CPU
		{37EE025B-5127-4A4E-A432-A2E568771541}.Release|Any CPU.ActiveCfg = Release|Any CPU
		{37EE025B-5127-4A4E-A432-A2E568771541}.Release|Any CPU.Build.0 = Release|Any CPU
		{3223F9A1-2FC9-4E31-9D81-439E667B0858}.Debug|Any CPU.ActiveCfg = Debug|Any CPU
		{3223F9A1-2FC9-4E31-9D81-439E667B0858}.Debug|Any CPU.Build.0 = Debug|Any CPU
		{3223F9A1-2FC9-4E31-9D81-439E667B0858}.Release|Any CPU.ActiveCfg = Release|Any CPU
		{3223F9A1-2FC9-4E31-9D81-439E667B0858}.Release|Any CPU.Build.0 = Release|Any CPU
		{E9C62F5D-3A70-4724-BE9E-563C406E42B4}.Debug|Any CPU.ActiveCfg = Debug|Any CPU
		{E9C62F5D-3A70-4724-BE9E-563C406E42B4}.Debug|Any CPU.Build.0 = Debug|Any CPU
		{E9C62F5D-3A70-4724-BE9E-563C406E42B4}.Release|Any CPU.ActiveCfg = Release|Any CPU
		{E9C62F5D-3A70-4724-BE9E-563C406E42B4}.Release|Any CPU.Build.0 = Release|Any CPU
		{DEACD930-238D-40FB-A8E3-F4C63F5FCDA9}.Debug|Any CPU.ActiveCfg = Debug|Any CPU
		{DEACD930-238D-40FB-A8E3-F4C63F5FCDA9}.Debug|Any CPU.Build.0 = Debug|Any CPU
		{DEACD930-238D-40FB-A8E3-F4C63F5FCDA9}.Release|Any CPU.ActiveCfg = Release|Any CPU
		{DEACD930-238D-40FB-A8E3-F4C63F5FCDA9}.Release|Any CPU.Build.0 = Release|Any CPU
		{A14A70A3-9B7A-4662-AEF7-9BAAB736BE6C}.Debug|Any CPU.ActiveCfg = Debug|Any CPU
		{A14A70A3-9B7A-4662-AEF7-9BAAB736BE6C}.Debug|Any CPU.Build.0 = Debug|Any CPU
		{A14A70A3-9B7A-4662-AEF7-9BAAB736BE6C}.Release|Any CPU.ActiveCfg = Release|Any CPU
		{A14A70A3-9B7A-4662-AEF7-9BAAB736BE6C}.Release|Any CPU.Build.0 = Release|Any CPU
		{F695EBCA-EAA1-465A-9F47-8DC47904E346}.Debug|Any CPU.ActiveCfg = Debug|Any CPU
		{F695EBCA-EAA1-465A-9F47-8DC47904E346}.Debug|Any CPU.Build.0 = Debug|Any CPU
		{F695EBCA-EAA1-465A-9F47-8DC47904E346}.Release|Any CPU.ActiveCfg = Release|Any CPU
		{F695EBCA-EAA1-465A-9F47-8DC47904E346}.Release|Any CPU.Build.0 = Release|Any CPU
		{6E698EE0-91F5-4578-80D1-33AA9D7B60A7}.Debug|Any CPU.ActiveCfg = Debug|Any CPU
		{6E698EE0-91F5-4578-80D1-33AA9D7B60A7}.Debug|Any CPU.Build.0 = Debug|Any CPU
		{6E698EE0-91F5-4578-80D1-33AA9D7B60A7}.Release|Any CPU.ActiveCfg = Release|Any CPU
		{6E698EE0-91F5-4578-80D1-33AA9D7B60A7}.Release|Any CPU.Build.0 = Release|Any CPU
		{598DD6FC-7560-450F-8A7E-9BCB4C1F1B52}.Debug|Any CPU.ActiveCfg = Debug|Any CPU
		{598DD6FC-7560-450F-8A7E-9BCB4C1F1B52}.Debug|Any CPU.Build.0 = Debug|Any CPU
		{598DD6FC-7560-450F-8A7E-9BCB4C1F1B52}.Release|Any CPU.ActiveCfg = Release|Any CPU
		{598DD6FC-7560-450F-8A7E-9BCB4C1F1B52}.Release|Any CPU.Build.0 = Release|Any CPU
		{7FFB0ED2-FF22-4437-8BDE-79396F211E8C}.Debug|Any CPU.ActiveCfg = Debug|Any CPU
		{7FFB0ED2-FF22-4437-8BDE-79396F211E8C}.Debug|Any CPU.Build.0 = Debug|Any CPU
		{7FFB0ED2-FF22-4437-8BDE-79396F211E8C}.Release|Any CPU.ActiveCfg = Release|Any CPU
		{7FFB0ED2-FF22-4437-8BDE-79396F211E8C}.Release|Any CPU.Build.0 = Release|Any CPU
		{780A74F6-31ED-4E47-8127-EA8CC2FA383E}.Debug|Any CPU.ActiveCfg = Debug|Any CPU
		{780A74F6-31ED-4E47-8127-EA8CC2FA383E}.Debug|Any CPU.Build.0 = Debug|Any CPU
		{780A74F6-31ED-4E47-8127-EA8CC2FA383E}.Release|Any CPU.ActiveCfg = Release|Any CPU
		{780A74F6-31ED-4E47-8127-EA8CC2FA383E}.Release|Any CPU.Build.0 = Release|Any CPU
		{8D48CE8C-BABC-41BD-B56E-8F313AC8D2D0}.Debug|Any CPU.ActiveCfg = Debug|Any CPU
		{8D48CE8C-BABC-41BD-B56E-8F313AC8D2D0}.Debug|Any CPU.Build.0 = Debug|Any CPU
		{8D48CE8C-BABC-41BD-B56E-8F313AC8D2D0}.Release|Any CPU.ActiveCfg = Release|Any CPU
		{8D48CE8C-BABC-41BD-B56E-8F313AC8D2D0}.Release|Any CPU.Build.0 = Release|Any CPU
		{57B1BFBF-4213-46DF-AEEF-27E23AA27340}.Debug|Any CPU.ActiveCfg = Debug|Any CPU
		{57B1BFBF-4213-46DF-AEEF-27E23AA27340}.Debug|Any CPU.Build.0 = Debug|Any CPU
		{57B1BFBF-4213-46DF-AEEF-27E23AA27340}.Release|Any CPU.ActiveCfg = Release|Any CPU
		{57B1BFBF-4213-46DF-AEEF-27E23AA27340}.Release|Any CPU.Build.0 = Release|Any CPU
		{D4A15BA3-B722-4AEB-8983-84FA54C85C6C}.Debug|Any CPU.ActiveCfg = Debug|Any CPU
		{D4A15BA3-B722-4AEB-8983-84FA54C85C6C}.Debug|Any CPU.Build.0 = Debug|Any CPU
		{D4A15BA3-B722-4AEB-8983-84FA54C85C6C}.Release|Any CPU.ActiveCfg = Release|Any CPU
		{D4A15BA3-B722-4AEB-8983-84FA54C85C6C}.Release|Any CPU.Build.0 = Release|Any CPU
		{AC54DDED-F056-439B-9D32-45888FCDF89E}.Debug|Any CPU.ActiveCfg = Debug|Any CPU
		{AC54DDED-F056-439B-9D32-45888FCDF89E}.Debug|Any CPU.Build.0 = Debug|Any CPU
		{AC54DDED-F056-439B-9D32-45888FCDF89E}.Release|Any CPU.ActiveCfg = Release|Any CPU
		{AC54DDED-F056-439B-9D32-45888FCDF89E}.Release|Any CPU.Build.0 = Release|Any CPU
		{1534BC24-CE00-4A01-9DC3-59CC60F845B3}.Debug|Any CPU.ActiveCfg = Debug|Any CPU
		{1534BC24-CE00-4A01-9DC3-59CC60F845B3}.Debug|Any CPU.Build.0 = Debug|Any CPU
		{1534BC24-CE00-4A01-9DC3-59CC60F845B3}.Release|Any CPU.ActiveCfg = Release|Any CPU
		{1534BC24-CE00-4A01-9DC3-59CC60F845B3}.Release|Any CPU.Build.0 = Release|Any CPU
		{7DFE3A3C-306A-4728-B168-9F3070DAF029}.Debug|Any CPU.ActiveCfg = Debug|Any CPU
		{7DFE3A3C-306A-4728-B168-9F3070DAF029}.Debug|Any CPU.Build.0 = Debug|Any CPU
		{7DFE3A3C-306A-4728-B168-9F3070DAF029}.Release|Any CPU.ActiveCfg = Release|Any CPU
		{7DFE3A3C-306A-4728-B168-9F3070DAF029}.Release|Any CPU.Build.0 = Release|Any CPU
		{81489191-7D82-431E-BA19-20AFB2BC6459}.Debug|Any CPU.ActiveCfg = Debug|Any CPU
		{81489191-7D82-431E-BA19-20AFB2BC6459}.Debug|Any CPU.Build.0 = Debug|Any CPU
		{81489191-7D82-431E-BA19-20AFB2BC6459}.Release|Any CPU.ActiveCfg = Release|Any CPU
		{81489191-7D82-431E-BA19-20AFB2BC6459}.Release|Any CPU.Build.0 = Release|Any CPU
		{BB55AC13-D365-4C75-9F69-8417D35845AF}.Debug|Any CPU.ActiveCfg = Debug|Any CPU
		{BB55AC13-D365-4C75-9F69-8417D35845AF}.Debug|Any CPU.Build.0 = Debug|Any CPU
		{BB55AC13-D365-4C75-9F69-8417D35845AF}.Release|Any CPU.ActiveCfg = Release|Any CPU
		{BB55AC13-D365-4C75-9F69-8417D35845AF}.Release|Any CPU.Build.0 = Release|Any CPU
		{7A4E4F55-DB8F-49FA-A746-1A8B6C4347FB}.Debug|Any CPU.ActiveCfg = Debug|Any CPU
		{7A4E4F55-DB8F-49FA-A746-1A8B6C4347FB}.Debug|Any CPU.Build.0 = Debug|Any CPU
		{7A4E4F55-DB8F-49FA-A746-1A8B6C4347FB}.Release|Any CPU.ActiveCfg = Release|Any CPU
		{7A4E4F55-DB8F-49FA-A746-1A8B6C4347FB}.Release|Any CPU.Build.0 = Release|Any CPU
		{8047F44B-587C-4B95-8EA1-364790658E3E}.Debug|Any CPU.ActiveCfg = Debug|Any CPU
		{8047F44B-587C-4B95-8EA1-364790658E3E}.Debug|Any CPU.Build.0 = Debug|Any CPU
		{8047F44B-587C-4B95-8EA1-364790658E3E}.Release|Any CPU.ActiveCfg = Release|Any CPU
		{8047F44B-587C-4B95-8EA1-364790658E3E}.Release|Any CPU.Build.0 = Release|Any CPU
		{9AC1D96D-7B9B-4756-BA9E-8BCF8232394D}.Debug|Any CPU.ActiveCfg = Debug|Any CPU
		{9AC1D96D-7B9B-4756-BA9E-8BCF8232394D}.Debug|Any CPU.Build.0 = Debug|Any CPU
		{9AC1D96D-7B9B-4756-BA9E-8BCF8232394D}.Release|Any CPU.ActiveCfg = Release|Any CPU
		{9AC1D96D-7B9B-4756-BA9E-8BCF8232394D}.Release|Any CPU.Build.0 = Release|Any CPU
		{032A0CF8-460B-4F32-BDF6-E444E63CB77C}.Debug|Any CPU.ActiveCfg = Debug|Any CPU
		{032A0CF8-460B-4F32-BDF6-E444E63CB77C}.Debug|Any CPU.Build.0 = Debug|Any CPU
		{032A0CF8-460B-4F32-BDF6-E444E63CB77C}.Release|Any CPU.ActiveCfg = Release|Any CPU
		{032A0CF8-460B-4F32-BDF6-E444E63CB77C}.Release|Any CPU.Build.0 = Release|Any CPU
		{3D433AF9-7E52-46D6-9FF0-B23D9BE12F1B}.Debug|Any CPU.ActiveCfg = Debug|Any CPU
		{3D433AF9-7E52-46D6-9FF0-B23D9BE12F1B}.Debug|Any CPU.Build.0 = Debug|Any CPU
		{3D433AF9-7E52-46D6-9FF0-B23D9BE12F1B}.Release|Any CPU.ActiveCfg = Release|Any CPU
		{3D433AF9-7E52-46D6-9FF0-B23D9BE12F1B}.Release|Any CPU.Build.0 = Release|Any CPU
		{0FAF6FE2-2068-4381-8D09-5EA5B30F47B9}.Debug|Any CPU.ActiveCfg = Debug|Any CPU
		{0FAF6FE2-2068-4381-8D09-5EA5B30F47B9}.Debug|Any CPU.Build.0 = Debug|Any CPU
		{0FAF6FE2-2068-4381-8D09-5EA5B30F47B9}.Release|Any CPU.ActiveCfg = Release|Any CPU
		{0FAF6FE2-2068-4381-8D09-5EA5B30F47B9}.Release|Any CPU.Build.0 = Release|Any CPU
		{7A465B98-162C-494E-A000-0E27F3521AE9}.Debug|Any CPU.ActiveCfg = Debug|Any CPU
		{7A465B98-162C-494E-A000-0E27F3521AE9}.Debug|Any CPU.Build.0 = Debug|Any CPU
		{7A465B98-162C-494E-A000-0E27F3521AE9}.Release|Any CPU.ActiveCfg = Release|Any CPU
		{7A465B98-162C-494E-A000-0E27F3521AE9}.Release|Any CPU.Build.0 = Release|Any CPU
		{8B20AC78-381B-4E32-904E-F1E26F130C5F}.Debug|Any CPU.ActiveCfg = Debug|Any CPU
		{8B20AC78-381B-4E32-904E-F1E26F130C5F}.Debug|Any CPU.Build.0 = Debug|Any CPU
		{8B20AC78-381B-4E32-904E-F1E26F130C5F}.Release|Any CPU.ActiveCfg = Release|Any CPU
		{8B20AC78-381B-4E32-904E-F1E26F130C5F}.Release|Any CPU.Build.0 = Release|Any CPU
		{93F85B79-F6E2-48C7-BBF5-6BF13D69447F}.Debug|Any CPU.ActiveCfg = Debug|Any CPU
		{93F85B79-F6E2-48C7-BBF5-6BF13D69447F}.Debug|Any CPU.Build.0 = Debug|Any CPU
		{93F85B79-F6E2-48C7-BBF5-6BF13D69447F}.Release|Any CPU.ActiveCfg = Release|Any CPU
		{93F85B79-F6E2-48C7-BBF5-6BF13D69447F}.Release|Any CPU.Build.0 = Release|Any CPU
		{C5C94CF5-A3C7-46E0-8C85-CB0307379EC2}.Debug|Any CPU.ActiveCfg = Debug|Any CPU
		{C5C94CF5-A3C7-46E0-8C85-CB0307379EC2}.Debug|Any CPU.Build.0 = Debug|Any CPU
		{C5C94CF5-A3C7-46E0-8C85-CB0307379EC2}.Release|Any CPU.ActiveCfg = Release|Any CPU
		{C5C94CF5-A3C7-46E0-8C85-CB0307379EC2}.Release|Any CPU.Build.0 = Release|Any CPU
		{F0C78723-A9C5-4D3A-B7A4-BCC428A0E10E}.Debug|Any CPU.ActiveCfg = Debug|Any CPU
		{F0C78723-A9C5-4D3A-B7A4-BCC428A0E10E}.Debug|Any CPU.Build.0 = Debug|Any CPU
		{F0C78723-A9C5-4D3A-B7A4-BCC428A0E10E}.Release|Any CPU.ActiveCfg = Release|Any CPU
		{F0C78723-A9C5-4D3A-B7A4-BCC428A0E10E}.Release|Any CPU.Build.0 = Release|Any CPU
		{D6B6AA1A-1210-451A-957C-12BC374F3F3D}.Debug|Any CPU.ActiveCfg = Debug|Any CPU
		{D6B6AA1A-1210-451A-957C-12BC374F3F3D}.Debug|Any CPU.Build.0 = Debug|Any CPU
		{D6B6AA1A-1210-451A-957C-12BC374F3F3D}.Release|Any CPU.ActiveCfg = Release|Any CPU
		{D6B6AA1A-1210-451A-957C-12BC374F3F3D}.Release|Any CPU.Build.0 = Release|Any CPU
		{3AC42529-6763-4415-88B0-4245C6E633DD}.Debug|Any CPU.ActiveCfg = Debug|Any CPU
		{3AC42529-6763-4415-88B0-4245C6E633DD}.Debug|Any CPU.Build.0 = Debug|Any CPU
		{3AC42529-6763-4415-88B0-4245C6E633DD}.Release|Any CPU.ActiveCfg = Release|Any CPU
		{3AC42529-6763-4415-88B0-4245C6E633DD}.Release|Any CPU.Build.0 = Release|Any CPU
		{559CD55B-D0BA-4923-9E43-F36A12EA6910}.Debug|Any CPU.ActiveCfg = Debug|Any CPU
		{559CD55B-D0BA-4923-9E43-F36A12EA6910}.Debug|Any CPU.Build.0 = Debug|Any CPU
		{559CD55B-D0BA-4923-9E43-F36A12EA6910}.Release|Any CPU.ActiveCfg = Release|Any CPU
		{559CD55B-D0BA-4923-9E43-F36A12EA6910}.Release|Any CPU.Build.0 = Release|Any CPU
		{5371C12F-AB53-4E9C-939E-D3D38E50E3E0}.Debug|Any CPU.ActiveCfg = Debug|Any CPU
		{5371C12F-AB53-4E9C-939E-D3D38E50E3E0}.Debug|Any CPU.Build.0 = Debug|Any CPU
		{5371C12F-AB53-4E9C-939E-D3D38E50E3E0}.Release|Any CPU.ActiveCfg = Release|Any CPU
		{5371C12F-AB53-4E9C-939E-D3D38E50E3E0}.Release|Any CPU.Build.0 = Release|Any CPU
		{27BB98A1-21A0-44EB-914B-2800140EA722}.Debug|Any CPU.ActiveCfg = Debug|Any CPU
		{27BB98A1-21A0-44EB-914B-2800140EA722}.Debug|Any CPU.Build.0 = Debug|Any CPU
		{27BB98A1-21A0-44EB-914B-2800140EA722}.Release|Any CPU.ActiveCfg = Release|Any CPU
		{27BB98A1-21A0-44EB-914B-2800140EA722}.Release|Any CPU.Build.0 = Release|Any CPU
		{1F921CD0-1BE8-478B-B4D3-FA78255C4A90}.Debug|Any CPU.ActiveCfg = Debug|Any CPU
		{1F921CD0-1BE8-478B-B4D3-FA78255C4A90}.Debug|Any CPU.Build.0 = Debug|Any CPU
		{1F921CD0-1BE8-478B-B4D3-FA78255C4A90}.Release|Any CPU.ActiveCfg = Release|Any CPU
		{1F921CD0-1BE8-478B-B4D3-FA78255C4A90}.Release|Any CPU.Build.0 = Release|Any CPU
		{DFA844A5-EBF1-45FB-825D-6D8BBFA44120}.Debug|Any CPU.ActiveCfg = Debug|Any CPU
		{DFA844A5-EBF1-45FB-825D-6D8BBFA44120}.Debug|Any CPU.Build.0 = Debug|Any CPU
		{DFA844A5-EBF1-45FB-825D-6D8BBFA44120}.Release|Any CPU.ActiveCfg = Release|Any CPU
		{DFA844A5-EBF1-45FB-825D-6D8BBFA44120}.Release|Any CPU.Build.0 = Release|Any CPU
		{D22DB4A9-2FC1-4BF6-BB6E-E35324D4E837}.Debug|Any CPU.ActiveCfg = Debug|Any CPU
		{D22DB4A9-2FC1-4BF6-BB6E-E35324D4E837}.Debug|Any CPU.Build.0 = Debug|Any CPU
		{D22DB4A9-2FC1-4BF6-BB6E-E35324D4E837}.Release|Any CPU.ActiveCfg = Release|Any CPU
		{D22DB4A9-2FC1-4BF6-BB6E-E35324D4E837}.Release|Any CPU.Build.0 = Release|Any CPU
		{DF5C3319-2BBB-4258-85EA-E4A224212A57}.Debug|Any CPU.ActiveCfg = Debug|Any CPU
		{DF5C3319-2BBB-4258-85EA-E4A224212A57}.Debug|Any CPU.Build.0 = Debug|Any CPU
		{DF5C3319-2BBB-4258-85EA-E4A224212A57}.Release|Any CPU.ActiveCfg = Release|Any CPU
		{DF5C3319-2BBB-4258-85EA-E4A224212A57}.Release|Any CPU.Build.0 = Release|Any CPU
		{61689F4B-69E9-4618-943E-77E601FB793A}.Debug|Any CPU.ActiveCfg = Debug|Any CPU
		{61689F4B-69E9-4618-943E-77E601FB793A}.Debug|Any CPU.Build.0 = Debug|Any CPU
		{61689F4B-69E9-4618-943E-77E601FB793A}.Release|Any CPU.ActiveCfg = Release|Any CPU
		{61689F4B-69E9-4618-943E-77E601FB793A}.Release|Any CPU.Build.0 = Release|Any CPU
		{87F6981E-1EBC-4459-AC86-099A563989AF}.Debug|Any CPU.ActiveCfg = Debug|Any CPU
		{87F6981E-1EBC-4459-AC86-099A563989AF}.Debug|Any CPU.Build.0 = Debug|Any CPU
		{87F6981E-1EBC-4459-AC86-099A563989AF}.Release|Any CPU.ActiveCfg = Release|Any CPU
		{87F6981E-1EBC-4459-AC86-099A563989AF}.Release|Any CPU.Build.0 = Release|Any CPU
		{C3188833-1791-433A-B5E9-43D9EF4581A5}.Debug|Any CPU.ActiveCfg = Debug|Any CPU
		{C3188833-1791-433A-B5E9-43D9EF4581A5}.Debug|Any CPU.Build.0 = Debug|Any CPU
		{C3188833-1791-433A-B5E9-43D9EF4581A5}.Release|Any CPU.ActiveCfg = Release|Any CPU
		{C3188833-1791-433A-B5E9-43D9EF4581A5}.Release|Any CPU.Build.0 = Release|Any CPU
		{2DA2B7B7-C8F7-4DB1-8824-3D49EFD9A3C2}.Debug|Any CPU.ActiveCfg = Debug|Any CPU
		{2DA2B7B7-C8F7-4DB1-8824-3D49EFD9A3C2}.Debug|Any CPU.Build.0 = Debug|Any CPU
		{2DA2B7B7-C8F7-4DB1-8824-3D49EFD9A3C2}.Release|Any CPU.ActiveCfg = Release|Any CPU
		{2DA2B7B7-C8F7-4DB1-8824-3D49EFD9A3C2}.Release|Any CPU.Build.0 = Release|Any CPU
		{E2E553C7-0DF5-4E90-A8E7-E46613C50099}.Debug|Any CPU.ActiveCfg = Debug|Any CPU
		{E2E553C7-0DF5-4E90-A8E7-E46613C50099}.Debug|Any CPU.Build.0 = Debug|Any CPU
		{E2E553C7-0DF5-4E90-A8E7-E46613C50099}.Release|Any CPU.ActiveCfg = Release|Any CPU
		{E2E553C7-0DF5-4E90-A8E7-E46613C50099}.Release|Any CPU.Build.0 = Release|Any CPU
		{02B12E80-CDA9-49AB-B212-7842E956B6F9}.Debug|Any CPU.ActiveCfg = Debug|Any CPU
		{02B12E80-CDA9-49AB-B212-7842E956B6F9}.Debug|Any CPU.Build.0 = Debug|Any CPU
		{02B12E80-CDA9-49AB-B212-7842E956B6F9}.Release|Any CPU.ActiveCfg = Release|Any CPU
		{02B12E80-CDA9-49AB-B212-7842E956B6F9}.Release|Any CPU.Build.0 = Release|Any CPU
		{503C5449-EF0E-4237-9984-7F26489E00EB}.Debug|Any CPU.ActiveCfg = Debug|Any CPU
		{503C5449-EF0E-4237-9984-7F26489E00EB}.Debug|Any CPU.Build.0 = Debug|Any CPU
		{503C5449-EF0E-4237-9984-7F26489E00EB}.Release|Any CPU.ActiveCfg = Release|Any CPU
		{503C5449-EF0E-4237-9984-7F26489E00EB}.Release|Any CPU.Build.0 = Release|Any CPU
		{914FF1D5-EC82-424F-9942-98B996AE1ACE}.Debug|Any CPU.ActiveCfg = Debug|Any CPU
		{914FF1D5-EC82-424F-9942-98B996AE1ACE}.Debug|Any CPU.Build.0 = Debug|Any CPU
		{914FF1D5-EC82-424F-9942-98B996AE1ACE}.Release|Any CPU.ActiveCfg = Release|Any CPU
		{914FF1D5-EC82-424F-9942-98B996AE1ACE}.Release|Any CPU.Build.0 = Release|Any CPU
		{D1563332-4263-41E9-90AC-9050026C2F5E}.Debug|Any CPU.ActiveCfg = Debug|Any CPU
		{D1563332-4263-41E9-90AC-9050026C2F5E}.Debug|Any CPU.Build.0 = Debug|Any CPU
		{D1563332-4263-41E9-90AC-9050026C2F5E}.Release|Any CPU.ActiveCfg = Release|Any CPU
		{D1563332-4263-41E9-90AC-9050026C2F5E}.Release|Any CPU.Build.0 = Release|Any CPU
		{7C3C2948-9FB0-4D01-BA81-DE4D91B105E1}.Debug|Any CPU.ActiveCfg = Debug|Any CPU
		{7C3C2948-9FB0-4D01-BA81-DE4D91B105E1}.Debug|Any CPU.Build.0 = Debug|Any CPU
		{7C3C2948-9FB0-4D01-BA81-DE4D91B105E1}.Release|Any CPU.ActiveCfg = Release|Any CPU
		{7C3C2948-9FB0-4D01-BA81-DE4D91B105E1}.Release|Any CPU.Build.0 = Release|Any CPU
		{4057BCAF-E94C-4CAB-B153-2880D9A7D9A9}.Debug|Any CPU.ActiveCfg = Debug|Any CPU
		{4057BCAF-E94C-4CAB-B153-2880D9A7D9A9}.Debug|Any CPU.Build.0 = Debug|Any CPU
		{4057BCAF-E94C-4CAB-B153-2880D9A7D9A9}.Release|Any CPU.ActiveCfg = Release|Any CPU
		{4057BCAF-E94C-4CAB-B153-2880D9A7D9A9}.Release|Any CPU.Build.0 = Release|Any CPU
		{ED658C29-9FCD-4B9F-8614-99992F12AE51}.Debug|Any CPU.ActiveCfg = Debug|Any CPU
		{ED658C29-9FCD-4B9F-8614-99992F12AE51}.Debug|Any CPU.Build.0 = Debug|Any CPU
		{ED658C29-9FCD-4B9F-8614-99992F12AE51}.Release|Any CPU.ActiveCfg = Release|Any CPU
		{ED658C29-9FCD-4B9F-8614-99992F12AE51}.Release|Any CPU.Build.0 = Release|Any CPU
		{AEC98F2E-7F56-4DCB-86FE-08A5367636D1}.Debug|Any CPU.ActiveCfg = Debug|Any CPU
		{AEC98F2E-7F56-4DCB-86FE-08A5367636D1}.Debug|Any CPU.Build.0 = Debug|Any CPU
		{AEC98F2E-7F56-4DCB-86FE-08A5367636D1}.Release|Any CPU.ActiveCfg = Release|Any CPU
		{AEC98F2E-7F56-4DCB-86FE-08A5367636D1}.Release|Any CPU.Build.0 = Release|Any CPU
		{00E30C7B-F83E-4FAE-8D44-CE0AD64B80A5}.Debug|Any CPU.ActiveCfg = Debug|Any CPU
		{00E30C7B-F83E-4FAE-8D44-CE0AD64B80A5}.Debug|Any CPU.Build.0 = Debug|Any CPU
		{00E30C7B-F83E-4FAE-8D44-CE0AD64B80A5}.Release|Any CPU.ActiveCfg = Release|Any CPU
		{00E30C7B-F83E-4FAE-8D44-CE0AD64B80A5}.Release|Any CPU.Build.0 = Release|Any CPU
		{149B0283-CF5D-4D13-9F36-E7F8A3C218D7}.Debug|Any CPU.ActiveCfg = Debug|Any CPU
		{149B0283-CF5D-4D13-9F36-E7F8A3C218D7}.Debug|Any CPU.Build.0 = Debug|Any CPU
		{149B0283-CF5D-4D13-9F36-E7F8A3C218D7}.Release|Any CPU.ActiveCfg = Release|Any CPU
		{149B0283-CF5D-4D13-9F36-E7F8A3C218D7}.Release|Any CPU.Build.0 = Release|Any CPU
		{2C3FD934-52FF-46CC-8EB5-E9554EEB2614}.Debug|Any CPU.ActiveCfg = Debug|Any CPU
		{2C3FD934-52FF-46CC-8EB5-E9554EEB2614}.Debug|Any CPU.Build.0 = Debug|Any CPU
		{2C3FD934-52FF-46CC-8EB5-E9554EEB2614}.Release|Any CPU.ActiveCfg = Release|Any CPU
		{2C3FD934-52FF-46CC-8EB5-E9554EEB2614}.Release|Any CPU.Build.0 = Release|Any CPU
		{5BB5CB52-A818-46FA-BF63-E8C92E72C39D}.Debug|Any CPU.ActiveCfg = Debug|Any CPU
		{5BB5CB52-A818-46FA-BF63-E8C92E72C39D}.Debug|Any CPU.Build.0 = Debug|Any CPU
		{5BB5CB52-A818-46FA-BF63-E8C92E72C39D}.Release|Any CPU.ActiveCfg = Release|Any CPU
		{5BB5CB52-A818-46FA-BF63-E8C92E72C39D}.Release|Any CPU.Build.0 = Release|Any CPU
		{65D4B50A-2B1F-4186-9128-A3303868AAEE}.Debug|Any CPU.ActiveCfg = Debug|Any CPU
		{65D4B50A-2B1F-4186-9128-A3303868AAEE}.Debug|Any CPU.Build.0 = Debug|Any CPU
		{65D4B50A-2B1F-4186-9128-A3303868AAEE}.Release|Any CPU.ActiveCfg = Release|Any CPU
		{65D4B50A-2B1F-4186-9128-A3303868AAEE}.Release|Any CPU.Build.0 = Release|Any CPU
		{B9D0799C-A906-42CF-9731-DD4CA2AE98AF}.Debug|Any CPU.ActiveCfg = Debug|Any CPU
		{B9D0799C-A906-42CF-9731-DD4CA2AE98AF}.Debug|Any CPU.Build.0 = Debug|Any CPU
		{B9D0799C-A906-42CF-9731-DD4CA2AE98AF}.Release|Any CPU.ActiveCfg = Release|Any CPU
		{B9D0799C-A906-42CF-9731-DD4CA2AE98AF}.Release|Any CPU.Build.0 = Release|Any CPU
		{4704D227-415B-4D79-90F5-3BCA160B30F6}.Debug|Any CPU.ActiveCfg = Debug|Any CPU
		{4704D227-415B-4D79-90F5-3BCA160B30F6}.Debug|Any CPU.Build.0 = Debug|Any CPU
		{4704D227-415B-4D79-90F5-3BCA160B30F6}.Release|Any CPU.ActiveCfg = Release|Any CPU
		{4704D227-415B-4D79-90F5-3BCA160B30F6}.Release|Any CPU.Build.0 = Release|Any CPU
		{4A311076-C5CC-421F-9C4C-12ECE45B1F70}.Debug|Any CPU.ActiveCfg = Debug|Any CPU
		{4A311076-C5CC-421F-9C4C-12ECE45B1F70}.Debug|Any CPU.Build.0 = Debug|Any CPU
		{4A311076-C5CC-421F-9C4C-12ECE45B1F70}.Release|Any CPU.ActiveCfg = Release|Any CPU
		{4A311076-C5CC-421F-9C4C-12ECE45B1F70}.Release|Any CPU.Build.0 = Release|Any CPU
		{930AB93B-BC4D-4691-9A85-6458CA4DBAA2}.Debug|Any CPU.ActiveCfg = Debug|Any CPU
		{930AB93B-BC4D-4691-9A85-6458CA4DBAA2}.Debug|Any CPU.Build.0 = Debug|Any CPU
		{930AB93B-BC4D-4691-9A85-6458CA4DBAA2}.Release|Any CPU.ActiveCfg = Release|Any CPU
		{930AB93B-BC4D-4691-9A85-6458CA4DBAA2}.Release|Any CPU.Build.0 = Release|Any CPU
		{9D2AD410-421D-4538-B5F4-4F01F47C7A80}.Debug|Any CPU.ActiveCfg = Debug|Any CPU
		{9D2AD410-421D-4538-B5F4-4F01F47C7A80}.Debug|Any CPU.Build.0 = Debug|Any CPU
		{9D2AD410-421D-4538-B5F4-4F01F47C7A80}.Release|Any CPU.ActiveCfg = Release|Any CPU
		{9D2AD410-421D-4538-B5F4-4F01F47C7A80}.Release|Any CPU.Build.0 = Release|Any CPU
		{B586B8DB-1741-4490-B0DD-850480233C0F}.Debug|Any CPU.ActiveCfg = Debug|Any CPU
		{B586B8DB-1741-4490-B0DD-850480233C0F}.Debug|Any CPU.Build.0 = Debug|Any CPU
		{B586B8DB-1741-4490-B0DD-850480233C0F}.Release|Any CPU.ActiveCfg = Release|Any CPU
		{B586B8DB-1741-4490-B0DD-850480233C0F}.Release|Any CPU.Build.0 = Release|Any CPU
		{988A0729-B4CF-479D-B950-461C1B0764EA}.Debug|Any CPU.ActiveCfg = Debug|Any CPU
		{988A0729-B4CF-479D-B950-461C1B0764EA}.Debug|Any CPU.Build.0 = Debug|Any CPU
		{988A0729-B4CF-479D-B950-461C1B0764EA}.Release|Any CPU.ActiveCfg = Release|Any CPU
		{988A0729-B4CF-479D-B950-461C1B0764EA}.Release|Any CPU.Build.0 = Release|Any CPU
		{8B8ACB70-82AA-46EA-85E7-DA740A46132B}.Debug|Any CPU.ActiveCfg = Debug|Any CPU
		{8B8ACB70-82AA-46EA-85E7-DA740A46132B}.Debug|Any CPU.Build.0 = Debug|Any CPU
		{8B8ACB70-82AA-46EA-85E7-DA740A46132B}.Release|Any CPU.ActiveCfg = Release|Any CPU
		{8B8ACB70-82AA-46EA-85E7-DA740A46132B}.Release|Any CPU.Build.0 = Release|Any CPU
		{E6A92AF1-6313-4171-BC88-62C58EDD30BB}.Debug|Any CPU.ActiveCfg = Debug|Any CPU
		{E6A92AF1-6313-4171-BC88-62C58EDD30BB}.Debug|Any CPU.Build.0 = Debug|Any CPU
		{E6A92AF1-6313-4171-BC88-62C58EDD30BB}.Release|Any CPU.ActiveCfg = Release|Any CPU
		{E6A92AF1-6313-4171-BC88-62C58EDD30BB}.Release|Any CPU.Build.0 = Release|Any CPU
		{BB73BA8B-FA36-4589-8768-73DF3779F173}.Debug|Any CPU.ActiveCfg = Debug|Any CPU
		{BB73BA8B-FA36-4589-8768-73DF3779F173}.Debug|Any CPU.Build.0 = Debug|Any CPU
		{BB73BA8B-FA36-4589-8768-73DF3779F173}.Release|Any CPU.ActiveCfg = Release|Any CPU
		{BB73BA8B-FA36-4589-8768-73DF3779F173}.Release|Any CPU.Build.0 = Release|Any CPU
		{515325AE-40C2-4ED3-8FC4-26CB57071622}.Debug|Any CPU.ActiveCfg = Debug|Any CPU
		{515325AE-40C2-4ED3-8FC4-26CB57071622}.Debug|Any CPU.Build.0 = Debug|Any CPU
		{515325AE-40C2-4ED3-8FC4-26CB57071622}.Release|Any CPU.ActiveCfg = Release|Any CPU
		{515325AE-40C2-4ED3-8FC4-26CB57071622}.Release|Any CPU.Build.0 = Release|Any CPU
		{CCE2362F-C1A8-4FCB-B415-A6BD422C2E28}.Debug|Any CPU.ActiveCfg = Debug|Any CPU
		{CCE2362F-C1A8-4FCB-B415-A6BD422C2E28}.Debug|Any CPU.Build.0 = Debug|Any CPU
		{CCE2362F-C1A8-4FCB-B415-A6BD422C2E28}.Release|Any CPU.ActiveCfg = Release|Any CPU
		{CCE2362F-C1A8-4FCB-B415-A6BD422C2E28}.Release|Any CPU.Build.0 = Release|Any CPU
		{722A2C9E-C2CB-4DA1-995D-F56BFF7A0BCC}.Debug|Any CPU.ActiveCfg = Debug|Any CPU
		{722A2C9E-C2CB-4DA1-995D-F56BFF7A0BCC}.Debug|Any CPU.Build.0 = Debug|Any CPU
		{722A2C9E-C2CB-4DA1-995D-F56BFF7A0BCC}.Release|Any CPU.ActiveCfg = Release|Any CPU
		{722A2C9E-C2CB-4DA1-995D-F56BFF7A0BCC}.Release|Any CPU.Build.0 = Release|Any CPU
		{A23D944C-64A7-4C19-8D03-8B83940CB7F8}.Debug|Any CPU.ActiveCfg = Debug|Any CPU
		{A23D944C-64A7-4C19-8D03-8B83940CB7F8}.Debug|Any CPU.Build.0 = Debug|Any CPU
		{A23D944C-64A7-4C19-8D03-8B83940CB7F8}.Release|Any CPU.ActiveCfg = Release|Any CPU
		{A23D944C-64A7-4C19-8D03-8B83940CB7F8}.Release|Any CPU.Build.0 = Release|Any CPU
		{11142781-37EC-4EC3-A03A-F1DC01E3288B}.Debug|Any CPU.ActiveCfg = Debug|Any CPU
		{11142781-37EC-4EC3-A03A-F1DC01E3288B}.Debug|Any CPU.Build.0 = Debug|Any CPU
		{11142781-37EC-4EC3-A03A-F1DC01E3288B}.Release|Any CPU.ActiveCfg = Release|Any CPU
		{11142781-37EC-4EC3-A03A-F1DC01E3288B}.Release|Any CPU.Build.0 = Release|Any CPU
		{EE82A07B-248B-42A7-A708-F548BEA9E98A}.Debug|Any CPU.ActiveCfg = Debug|Any CPU
		{EE82A07B-248B-42A7-A708-F548BEA9E98A}.Debug|Any CPU.Build.0 = Debug|Any CPU
		{EE82A07B-248B-42A7-A708-F548BEA9E98A}.Release|Any CPU.ActiveCfg = Release|Any CPU
		{EE82A07B-248B-42A7-A708-F548BEA9E98A}.Release|Any CPU.Build.0 = Release|Any CPU
		{486EB097-E0F0-440F-9AD7-28DC0CA27149}.Debug|Any CPU.ActiveCfg = Debug|Any CPU
		{486EB097-E0F0-440F-9AD7-28DC0CA27149}.Debug|Any CPU.Build.0 = Debug|Any CPU
		{486EB097-E0F0-440F-9AD7-28DC0CA27149}.Release|Any CPU.ActiveCfg = Release|Any CPU
		{486EB097-E0F0-440F-9AD7-28DC0CA27149}.Release|Any CPU.Build.0 = Release|Any CPU
		{41E1CDD3-A24E-4F51-97ED-98FF5F34DE06}.Debug|Any CPU.ActiveCfg = Debug|Any CPU
		{41E1CDD3-A24E-4F51-97ED-98FF5F34DE06}.Debug|Any CPU.Build.0 = Debug|Any CPU
		{41E1CDD3-A24E-4F51-97ED-98FF5F34DE06}.Release|Any CPU.ActiveCfg = Release|Any CPU
		{41E1CDD3-A24E-4F51-97ED-98FF5F34DE06}.Release|Any CPU.Build.0 = Release|Any CPU
		{0CFEACC9-EB6E-4D24-871F-2E126E6F04AC}.Debug|Any CPU.ActiveCfg = Debug|Any CPU
		{0CFEACC9-EB6E-4D24-871F-2E126E6F04AC}.Debug|Any CPU.Build.0 = Debug|Any CPU
		{0CFEACC9-EB6E-4D24-871F-2E126E6F04AC}.Release|Any CPU.ActiveCfg = Release|Any CPU
		{0CFEACC9-EB6E-4D24-871F-2E126E6F04AC}.Release|Any CPU.Build.0 = Release|Any CPU
		{8CF5906B-491D-4B7A-BA21-B6EAC52376D3}.Debug|Any CPU.ActiveCfg = Debug|Any CPU
		{8CF5906B-491D-4B7A-BA21-B6EAC52376D3}.Debug|Any CPU.Build.0 = Debug|Any CPU
		{8CF5906B-491D-4B7A-BA21-B6EAC52376D3}.Release|Any CPU.ActiveCfg = Release|Any CPU
		{8CF5906B-491D-4B7A-BA21-B6EAC52376D3}.Release|Any CPU.Build.0 = Release|Any CPU
		{0DA065BE-3535-4B6C-9706-5482D9926AE3}.Debug|Any CPU.ActiveCfg = Debug|Any CPU
		{0DA065BE-3535-4B6C-9706-5482D9926AE3}.Debug|Any CPU.Build.0 = Debug|Any CPU
		{0DA065BE-3535-4B6C-9706-5482D9926AE3}.Release|Any CPU.ActiveCfg = Release|Any CPU
		{0DA065BE-3535-4B6C-9706-5482D9926AE3}.Release|Any CPU.Build.0 = Release|Any CPU
		{2924F704-551E-4401-A8A1-EBC8E8D2D567}.Debug|Any CPU.ActiveCfg = Debug|Any CPU
		{2924F704-551E-4401-A8A1-EBC8E8D2D567}.Debug|Any CPU.Build.0 = Debug|Any CPU
		{2924F704-551E-4401-A8A1-EBC8E8D2D567}.Release|Any CPU.ActiveCfg = Release|Any CPU
		{2924F704-551E-4401-A8A1-EBC8E8D2D567}.Release|Any CPU.Build.0 = Release|Any CPU
		{200BD179-73CB-49DC-B1EB-036058FC9B7C}.Debug|Any CPU.ActiveCfg = Debug|Any CPU
		{200BD179-73CB-49DC-B1EB-036058FC9B7C}.Debug|Any CPU.Build.0 = Debug|Any CPU
		{200BD179-73CB-49DC-B1EB-036058FC9B7C}.Release|Any CPU.ActiveCfg = Release|Any CPU
		{200BD179-73CB-49DC-B1EB-036058FC9B7C}.Release|Any CPU.Build.0 = Release|Any CPU
		{FAF81682-2E38-486C-B8FF-950E5B47C6CB}.Debug|Any CPU.ActiveCfg = Debug|Any CPU
		{FAF81682-2E38-486C-B8FF-950E5B47C6CB}.Debug|Any CPU.Build.0 = Debug|Any CPU
		{FAF81682-2E38-486C-B8FF-950E5B47C6CB}.Release|Any CPU.ActiveCfg = Release|Any CPU
		{FAF81682-2E38-486C-B8FF-950E5B47C6CB}.Release|Any CPU.Build.0 = Release|Any CPU
		{296EB553-8943-47D7-9189-8DB9DC252E5D}.Debug|Any CPU.ActiveCfg = Debug|Any CPU
		{296EB553-8943-47D7-9189-8DB9DC252E5D}.Debug|Any CPU.Build.0 = Debug|Any CPU
		{296EB553-8943-47D7-9189-8DB9DC252E5D}.Release|Any CPU.ActiveCfg = Release|Any CPU
		{296EB553-8943-47D7-9189-8DB9DC252E5D}.Release|Any CPU.Build.0 = Release|Any CPU
		{F1CDDC55-DFD6-4C71-B00A-45E674B7B445}.Debug|Any CPU.ActiveCfg = Debug|Any CPU
		{F1CDDC55-DFD6-4C71-B00A-45E674B7B445}.Debug|Any CPU.Build.0 = Debug|Any CPU
		{F1CDDC55-DFD6-4C71-B00A-45E674B7B445}.Release|Any CPU.ActiveCfg = Release|Any CPU
		{F1CDDC55-DFD6-4C71-B00A-45E674B7B445}.Release|Any CPU.Build.0 = Release|Any CPU
		{4BBAC6EA-C61C-403E-BECA-724B9874F348}.Debug|Any CPU.ActiveCfg = Debug|Any CPU
		{4BBAC6EA-C61C-403E-BECA-724B9874F348}.Debug|Any CPU.Build.0 = Debug|Any CPU
		{4BBAC6EA-C61C-403E-BECA-724B9874F348}.Release|Any CPU.ActiveCfg = Release|Any CPU
		{4BBAC6EA-C61C-403E-BECA-724B9874F348}.Release|Any CPU.Build.0 = Release|Any CPU
		{EB09FA1A-C341-4DB0-A957-AE93AF9D8DAD}.Debug|Any CPU.ActiveCfg = Debug|Any CPU
		{EB09FA1A-C341-4DB0-A957-AE93AF9D8DAD}.Debug|Any CPU.Build.0 = Debug|Any CPU
		{EB09FA1A-C341-4DB0-A957-AE93AF9D8DAD}.Release|Any CPU.ActiveCfg = Release|Any CPU
		{EB09FA1A-C341-4DB0-A957-AE93AF9D8DAD}.Release|Any CPU.Build.0 = Release|Any CPU
		{6CAE9830-53AB-4899-BD86-645593558214}.Debug|Any CPU.ActiveCfg = Debug|Any CPU
		{6CAE9830-53AB-4899-BD86-645593558214}.Debug|Any CPU.Build.0 = Debug|Any CPU
		{6CAE9830-53AB-4899-BD86-645593558214}.Release|Any CPU.ActiveCfg = Release|Any CPU
		{6CAE9830-53AB-4899-BD86-645593558214}.Release|Any CPU.Build.0 = Release|Any CPU
		{194A094F-D7BF-46C0-ACA1-77C41D22CEA1}.Debug|Any CPU.ActiveCfg = Debug|Any CPU
		{194A094F-D7BF-46C0-ACA1-77C41D22CEA1}.Debug|Any CPU.Build.0 = Debug|Any CPU
		{194A094F-D7BF-46C0-ACA1-77C41D22CEA1}.Release|Any CPU.ActiveCfg = Release|Any CPU
		{194A094F-D7BF-46C0-ACA1-77C41D22CEA1}.Release|Any CPU.Build.0 = Release|Any CPU
		{85E8E88D-5F15-4183-93A1-4B653345AC51}.Debug|Any CPU.ActiveCfg = Debug|Any CPU
		{85E8E88D-5F15-4183-93A1-4B653345AC51}.Debug|Any CPU.Build.0 = Debug|Any CPU
		{85E8E88D-5F15-4183-93A1-4B653345AC51}.Release|Any CPU.ActiveCfg = Release|Any CPU
		{85E8E88D-5F15-4183-93A1-4B653345AC51}.Release|Any CPU.Build.0 = Release|Any CPU
		{AE916718-B234-403A-9993-50974B9EF59A}.Debug|Any CPU.ActiveCfg = Debug|Any CPU
		{AE916718-B234-403A-9993-50974B9EF59A}.Debug|Any CPU.Build.0 = Debug|Any CPU
		{AE916718-B234-403A-9993-50974B9EF59A}.Release|Any CPU.ActiveCfg = Release|Any CPU
		{AE916718-B234-403A-9993-50974B9EF59A}.Release|Any CPU.Build.0 = Release|Any CPU
		{F8912EA0-5146-42DD-BCEA-22C409E17C54}.Debug|Any CPU.ActiveCfg = Debug|Any CPU
		{F8912EA0-5146-42DD-BCEA-22C409E17C54}.Debug|Any CPU.Build.0 = Debug|Any CPU
		{F8912EA0-5146-42DD-BCEA-22C409E17C54}.Release|Any CPU.ActiveCfg = Release|Any CPU
		{F8912EA0-5146-42DD-BCEA-22C409E17C54}.Release|Any CPU.Build.0 = Release|Any CPU
		{EE9B649F-BCEB-4DEA-B4A6-4B7D48F8A071}.Debug|Any CPU.ActiveCfg = Debug|Any CPU
		{EE9B649F-BCEB-4DEA-B4A6-4B7D48F8A071}.Debug|Any CPU.Build.0 = Debug|Any CPU
		{EE9B649F-BCEB-4DEA-B4A6-4B7D48F8A071}.Release|Any CPU.ActiveCfg = Release|Any CPU
		{EE9B649F-BCEB-4DEA-B4A6-4B7D48F8A071}.Release|Any CPU.Build.0 = Release|Any CPU
		{68B47239-CCED-45AC-8889-871179ADEB45}.Debug|Any CPU.ActiveCfg = Debug|Any CPU
		{68B47239-CCED-45AC-8889-871179ADEB45}.Debug|Any CPU.Build.0 = Debug|Any CPU
		{68B47239-CCED-45AC-8889-871179ADEB45}.Release|Any CPU.ActiveCfg = Release|Any CPU
		{68B47239-CCED-45AC-8889-871179ADEB45}.Release|Any CPU.Build.0 = Release|Any CPU
		{C1A9690B-E498-4D35-B0A6-53E53A21E4D8}.Debug|Any CPU.ActiveCfg = Debug|Any CPU
		{C1A9690B-E498-4D35-B0A6-53E53A21E4D8}.Debug|Any CPU.Build.0 = Debug|Any CPU
		{C1A9690B-E498-4D35-B0A6-53E53A21E4D8}.Release|Any CPU.ActiveCfg = Release|Any CPU
		{C1A9690B-E498-4D35-B0A6-53E53A21E4D8}.Release|Any CPU.Build.0 = Release|Any CPU
		{56EDFA33-B3BA-4492-8849-96DC1DE03D48}.Debug|Any CPU.ActiveCfg = Debug|Any CPU
		{56EDFA33-B3BA-4492-8849-96DC1DE03D48}.Debug|Any CPU.Build.0 = Debug|Any CPU
		{56EDFA33-B3BA-4492-8849-96DC1DE03D48}.Release|Any CPU.ActiveCfg = Release|Any CPU
		{56EDFA33-B3BA-4492-8849-96DC1DE03D48}.Release|Any CPU.Build.0 = Release|Any CPU
		{17C6AEB2-6FE1-44B4-AC2B-F0C1EB3D8084}.Debug|Any CPU.ActiveCfg = Debug|Any CPU
		{17C6AEB2-6FE1-44B4-AC2B-F0C1EB3D8084}.Debug|Any CPU.Build.0 = Debug|Any CPU
		{17C6AEB2-6FE1-44B4-AC2B-F0C1EB3D8084}.Release|Any CPU.ActiveCfg = Release|Any CPU
		{17C6AEB2-6FE1-44B4-AC2B-F0C1EB3D8084}.Release|Any CPU.Build.0 = Release|Any CPU
		{C34A3E71-8B1B-4232-B59F-F52330DF12C6}.Debug|Any CPU.ActiveCfg = Debug|Any CPU
		{C34A3E71-8B1B-4232-B59F-F52330DF12C6}.Debug|Any CPU.Build.0 = Debug|Any CPU
		{C34A3E71-8B1B-4232-B59F-F52330DF12C6}.Release|Any CPU.ActiveCfg = Release|Any CPU
		{C34A3E71-8B1B-4232-B59F-F52330DF12C6}.Release|Any CPU.Build.0 = Release|Any CPU
		{0D294466-1168-44BF-916B-32102F2E0A70}.Debug|Any CPU.ActiveCfg = Debug|Any CPU
		{0D294466-1168-44BF-916B-32102F2E0A70}.Debug|Any CPU.Build.0 = Debug|Any CPU
		{0D294466-1168-44BF-916B-32102F2E0A70}.Release|Any CPU.ActiveCfg = Release|Any CPU
		{0D294466-1168-44BF-916B-32102F2E0A70}.Release|Any CPU.Build.0 = Release|Any CPU
		{A39B1AA9-D605-4C4B-A2DC-77DBF2AE67F7}.Debug|Any CPU.ActiveCfg = Debug|Any CPU
		{A39B1AA9-D605-4C4B-A2DC-77DBF2AE67F7}.Debug|Any CPU.Build.0 = Debug|Any CPU
		{A39B1AA9-D605-4C4B-A2DC-77DBF2AE67F7}.Release|Any CPU.ActiveCfg = Release|Any CPU
		{A39B1AA9-D605-4C4B-A2DC-77DBF2AE67F7}.Release|Any CPU.Build.0 = Release|Any CPU
		{FB622699-00B7-49C8-86E1-671A9CBED1CF}.Debug|Any CPU.ActiveCfg = Debug|Any CPU
		{FB622699-00B7-49C8-86E1-671A9CBED1CF}.Debug|Any CPU.Build.0 = Debug|Any CPU
		{FB622699-00B7-49C8-86E1-671A9CBED1CF}.Release|Any CPU.ActiveCfg = Release|Any CPU
		{FB622699-00B7-49C8-86E1-671A9CBED1CF}.Release|Any CPU.Build.0 = Release|Any CPU
		{C8A1940F-4893-4E17-BDAE-5DC86D9B5CB2}.Debug|Any CPU.ActiveCfg = Debug|Any CPU
		{C8A1940F-4893-4E17-BDAE-5DC86D9B5CB2}.Debug|Any CPU.Build.0 = Debug|Any CPU
		{C8A1940F-4893-4E17-BDAE-5DC86D9B5CB2}.Release|Any CPU.ActiveCfg = Release|Any CPU
		{C8A1940F-4893-4E17-BDAE-5DC86D9B5CB2}.Release|Any CPU.Build.0 = Release|Any CPU
		{0F78D810-E615-4439-B6B4-CEE1DD95B61B}.Debug|Any CPU.ActiveCfg = Debug|Any CPU
		{0F78D810-E615-4439-B6B4-CEE1DD95B61B}.Debug|Any CPU.Build.0 = Debug|Any CPU
		{0F78D810-E615-4439-B6B4-CEE1DD95B61B}.Release|Any CPU.ActiveCfg = Release|Any CPU
		{0F78D810-E615-4439-B6B4-CEE1DD95B61B}.Release|Any CPU.Build.0 = Release|Any CPU
		{11483DE8-73D3-448E-B00D-4B9CFB6B6858}.Debug|Any CPU.ActiveCfg = Debug|Any CPU
		{11483DE8-73D3-448E-B00D-4B9CFB6B6858}.Debug|Any CPU.Build.0 = Debug|Any CPU
		{11483DE8-73D3-448E-B00D-4B9CFB6B6858}.Release|Any CPU.ActiveCfg = Release|Any CPU
		{11483DE8-73D3-448E-B00D-4B9CFB6B6858}.Release|Any CPU.Build.0 = Release|Any CPU
		{A009DBC6-F52F-4064-A1B6-68A5888DEC71}.Debug|Any CPU.ActiveCfg = Debug|Any CPU
		{A009DBC6-F52F-4064-A1B6-68A5888DEC71}.Debug|Any CPU.Build.0 = Debug|Any CPU
		{A009DBC6-F52F-4064-A1B6-68A5888DEC71}.Release|Any CPU.ActiveCfg = Release|Any CPU
		{A009DBC6-F52F-4064-A1B6-68A5888DEC71}.Release|Any CPU.Build.0 = Release|Any CPU
		{2B3BEF8E-6502-4749-AE04-ED5301644F2C}.Debug|Any CPU.ActiveCfg = Debug|Any CPU
		{2B3BEF8E-6502-4749-AE04-ED5301644F2C}.Debug|Any CPU.Build.0 = Debug|Any CPU
		{2B3BEF8E-6502-4749-AE04-ED5301644F2C}.Release|Any CPU.ActiveCfg = Release|Any CPU
		{2B3BEF8E-6502-4749-AE04-ED5301644F2C}.Release|Any CPU.Build.0 = Release|Any CPU
		{D36C8A61-0B6A-45D2-A7E8-23A1C625542F}.Debug|Any CPU.ActiveCfg = Debug|Any CPU
		{D36C8A61-0B6A-45D2-A7E8-23A1C625542F}.Debug|Any CPU.Build.0 = Debug|Any CPU
		{D36C8A61-0B6A-45D2-A7E8-23A1C625542F}.Release|Any CPU.ActiveCfg = Release|Any CPU
		{D36C8A61-0B6A-45D2-A7E8-23A1C625542F}.Release|Any CPU.Build.0 = Release|Any CPU
		{61922AF8-3B10-44F5-9895-0C87ED43CFBA}.Debug|Any CPU.ActiveCfg = Debug|Any CPU
		{61922AF8-3B10-44F5-9895-0C87ED43CFBA}.Debug|Any CPU.Build.0 = Debug|Any CPU
		{61922AF8-3B10-44F5-9895-0C87ED43CFBA}.Release|Any CPU.ActiveCfg = Release|Any CPU
		{61922AF8-3B10-44F5-9895-0C87ED43CFBA}.Release|Any CPU.Build.0 = Release|Any CPU
		{DD5828AA-2552-4B7A-B72B-33B03180B206}.Debug|Any CPU.ActiveCfg = Debug|Any CPU
		{DD5828AA-2552-4B7A-B72B-33B03180B206}.Debug|Any CPU.Build.0 = Debug|Any CPU
		{DD5828AA-2552-4B7A-B72B-33B03180B206}.Release|Any CPU.ActiveCfg = Release|Any CPU
		{DD5828AA-2552-4B7A-B72B-33B03180B206}.Release|Any CPU.Build.0 = Release|Any CPU
		{63FF5D6C-D846-4F43-9BAA-98C2147A0636}.Debug|Any CPU.ActiveCfg = Debug|Any CPU
		{63FF5D6C-D846-4F43-9BAA-98C2147A0636}.Debug|Any CPU.Build.0 = Debug|Any CPU
		{63FF5D6C-D846-4F43-9BAA-98C2147A0636}.Release|Any CPU.ActiveCfg = Release|Any CPU
		{63FF5D6C-D846-4F43-9BAA-98C2147A0636}.Release|Any CPU.Build.0 = Release|Any CPU
		{FA327A4F-9F3B-483E-8633-BF0906EB9212}.Debug|Any CPU.ActiveCfg = Debug|Any CPU
		{FA327A4F-9F3B-483E-8633-BF0906EB9212}.Debug|Any CPU.Build.0 = Debug|Any CPU
		{FA327A4F-9F3B-483E-8633-BF0906EB9212}.Release|Any CPU.ActiveCfg = Release|Any CPU
		{FA327A4F-9F3B-483E-8633-BF0906EB9212}.Release|Any CPU.Build.0 = Release|Any CPU
		{8DD0D925-DDD3-49F7-9C7D-C90925F1D5BB}.Debug|Any CPU.ActiveCfg = Debug|Any CPU
		{8DD0D925-DDD3-49F7-9C7D-C90925F1D5BB}.Debug|Any CPU.Build.0 = Debug|Any CPU
		{8DD0D925-DDD3-49F7-9C7D-C90925F1D5BB}.Release|Any CPU.ActiveCfg = Release|Any CPU
		{8DD0D925-DDD3-49F7-9C7D-C90925F1D5BB}.Release|Any CPU.Build.0 = Release|Any CPU
		{B2176632-1288-4329-AB7A-7BF9A604AA2A}.Debug|Any CPU.ActiveCfg = Debug|Any CPU
		{B2176632-1288-4329-AB7A-7BF9A604AA2A}.Debug|Any CPU.Build.0 = Debug|Any CPU
		{B2176632-1288-4329-AB7A-7BF9A604AA2A}.Release|Any CPU.ActiveCfg = Release|Any CPU
		{B2176632-1288-4329-AB7A-7BF9A604AA2A}.Release|Any CPU.Build.0 = Release|Any CPU
		{F354B5D3-A967-477C-960F-482E9F791B14}.Debug|Any CPU.ActiveCfg = Debug|Any CPU
		{F354B5D3-A967-477C-960F-482E9F791B14}.Debug|Any CPU.Build.0 = Debug|Any CPU
		{F354B5D3-A967-477C-960F-482E9F791B14}.Release|Any CPU.ActiveCfg = Release|Any CPU
		{F354B5D3-A967-477C-960F-482E9F791B14}.Release|Any CPU.Build.0 = Release|Any CPU
		{6D11D9BC-B286-4697-A33F-70BDD638E9B1}.Debug|Any CPU.ActiveCfg = Debug|Any CPU
		{6D11D9BC-B286-4697-A33F-70BDD638E9B1}.Debug|Any CPU.Build.0 = Debug|Any CPU
		{6D11D9BC-B286-4697-A33F-70BDD638E9B1}.Release|Any CPU.ActiveCfg = Release|Any CPU
		{6D11D9BC-B286-4697-A33F-70BDD638E9B1}.Release|Any CPU.Build.0 = Release|Any CPU
		{EAB65EDA-23CD-4DCC-8917-BE7757ADEA58}.Debug|Any CPU.ActiveCfg = Debug|Any CPU
		{EAB65EDA-23CD-4DCC-8917-BE7757ADEA58}.Debug|Any CPU.Build.0 = Debug|Any CPU
		{EAB65EDA-23CD-4DCC-8917-BE7757ADEA58}.Release|Any CPU.ActiveCfg = Release|Any CPU
		{EAB65EDA-23CD-4DCC-8917-BE7757ADEA58}.Release|Any CPU.Build.0 = Release|Any CPU
		{E7958B66-9DEB-4B86-99F9-0BBFEB74A781}.Debug|Any CPU.ActiveCfg = Debug|Any CPU
		{E7958B66-9DEB-4B86-99F9-0BBFEB74A781}.Debug|Any CPU.Build.0 = Debug|Any CPU
		{E7958B66-9DEB-4B86-99F9-0BBFEB74A781}.Release|Any CPU.ActiveCfg = Release|Any CPU
		{E7958B66-9DEB-4B86-99F9-0BBFEB74A781}.Release|Any CPU.Build.0 = Release|Any CPU
		{B34D7687-A722-4E5F-A6B3-5E9F07F9901C}.Debug|Any CPU.ActiveCfg = Debug|Any CPU
		{B34D7687-A722-4E5F-A6B3-5E9F07F9901C}.Debug|Any CPU.Build.0 = Debug|Any CPU
		{B34D7687-A722-4E5F-A6B3-5E9F07F9901C}.Release|Any CPU.ActiveCfg = Release|Any CPU
		{B34D7687-A722-4E5F-A6B3-5E9F07F9901C}.Release|Any CPU.Build.0 = Release|Any CPU
		{C362E2C6-5C3F-4EE7-8419-798246120C67}.Debug|Any CPU.ActiveCfg = Debug|Any CPU
		{C362E2C6-5C3F-4EE7-8419-798246120C67}.Debug|Any CPU.Build.0 = Debug|Any CPU
		{C362E2C6-5C3F-4EE7-8419-798246120C67}.Release|Any CPU.ActiveCfg = Release|Any CPU
		{C362E2C6-5C3F-4EE7-8419-798246120C67}.Release|Any CPU.Build.0 = Release|Any CPU
		{C4C1E426-505C-46B4-89E1-BD4AB120D09E}.Debug|Any CPU.ActiveCfg = Debug|Any CPU
		{C4C1E426-505C-46B4-89E1-BD4AB120D09E}.Debug|Any CPU.Build.0 = Debug|Any CPU
		{C4C1E426-505C-46B4-89E1-BD4AB120D09E}.Release|Any CPU.ActiveCfg = Release|Any CPU
		{C4C1E426-505C-46B4-89E1-BD4AB120D09E}.Release|Any CPU.Build.0 = Release|Any CPU
		{9F61C46E-0408-44D6-9F3F-5C2F385698E7}.Debug|Any CPU.ActiveCfg = Debug|Any CPU
		{9F61C46E-0408-44D6-9F3F-5C2F385698E7}.Debug|Any CPU.Build.0 = Debug|Any CPU
		{9F61C46E-0408-44D6-9F3F-5C2F385698E7}.Release|Any CPU.ActiveCfg = Release|Any CPU
		{9F61C46E-0408-44D6-9F3F-5C2F385698E7}.Release|Any CPU.Build.0 = Release|Any CPU
		{EBB89529-B14C-43BE-A145-1556C346630B}.Debug|Any CPU.ActiveCfg = Debug|Any CPU
		{EBB89529-B14C-43BE-A145-1556C346630B}.Debug|Any CPU.Build.0 = Debug|Any CPU
		{EBB89529-B14C-43BE-A145-1556C346630B}.Release|Any CPU.ActiveCfg = Release|Any CPU
		{EBB89529-B14C-43BE-A145-1556C346630B}.Release|Any CPU.Build.0 = Release|Any CPU
		{AF7D5704-59F7-4931-8FA5-B9CDA4968F64}.Debug|Any CPU.ActiveCfg = Debug|Any CPU
		{AF7D5704-59F7-4931-8FA5-B9CDA4968F64}.Debug|Any CPU.Build.0 = Debug|Any CPU
		{AF7D5704-59F7-4931-8FA5-B9CDA4968F64}.Release|Any CPU.ActiveCfg = Release|Any CPU
		{AF7D5704-59F7-4931-8FA5-B9CDA4968F64}.Release|Any CPU.Build.0 = Release|Any CPU
		{B2D9F487-05A0-4856-AB9C-1FE569CFC8FD}.Debug|Any CPU.ActiveCfg = Debug|Any CPU
		{B2D9F487-05A0-4856-AB9C-1FE569CFC8FD}.Debug|Any CPU.Build.0 = Debug|Any CPU
		{B2D9F487-05A0-4856-AB9C-1FE569CFC8FD}.Release|Any CPU.ActiveCfg = Release|Any CPU
		{B2D9F487-05A0-4856-AB9C-1FE569CFC8FD}.Release|Any CPU.Build.0 = Release|Any CPU
		{69649EB4-A8BA-429E-9931-4F43B43EB1FB}.Debug|Any CPU.ActiveCfg = Debug|Any CPU
		{69649EB4-A8BA-429E-9931-4F43B43EB1FB}.Debug|Any CPU.Build.0 = Debug|Any CPU
		{69649EB4-A8BA-429E-9931-4F43B43EB1FB}.Release|Any CPU.ActiveCfg = Release|Any CPU
		{69649EB4-A8BA-429E-9931-4F43B43EB1FB}.Release|Any CPU.Build.0 = Release|Any CPU
		{F2E74D58-322E-413E-8698-686E08E93A57}.Debug|Any CPU.ActiveCfg = Debug|Any CPU
		{F2E74D58-322E-413E-8698-686E08E93A57}.Debug|Any CPU.Build.0 = Debug|Any CPU
		{F2E74D58-322E-413E-8698-686E08E93A57}.Release|Any CPU.ActiveCfg = Release|Any CPU
		{F2E74D58-322E-413E-8698-686E08E93A57}.Release|Any CPU.Build.0 = Release|Any CPU
		{67C58AAE-A36B-46F8-A5FA-019A52E32610}.Debug|Any CPU.ActiveCfg = Debug|Any CPU
		{67C58AAE-A36B-46F8-A5FA-019A52E32610}.Debug|Any CPU.Build.0 = Debug|Any CPU
		{67C58AAE-A36B-46F8-A5FA-019A52E32610}.Release|Any CPU.ActiveCfg = Release|Any CPU
		{67C58AAE-A36B-46F8-A5FA-019A52E32610}.Release|Any CPU.Build.0 = Release|Any CPU
		{6CE1BA06-5E9F-4454-B6DB-2F8EF9176AAA}.Debug|Any CPU.ActiveCfg = Debug|Any CPU
		{6CE1BA06-5E9F-4454-B6DB-2F8EF9176AAA}.Debug|Any CPU.Build.0 = Debug|Any CPU
		{6CE1BA06-5E9F-4454-B6DB-2F8EF9176AAA}.Release|Any CPU.ActiveCfg = Release|Any CPU
		{6CE1BA06-5E9F-4454-B6DB-2F8EF9176AAA}.Release|Any CPU.Build.0 = Release|Any CPU
		{E9B19E38-5685-4778-AC8C-E358B2BA5F30}.Debug|Any CPU.ActiveCfg = Debug|Any CPU
		{E9B19E38-5685-4778-AC8C-E358B2BA5F30}.Debug|Any CPU.Build.0 = Debug|Any CPU
		{E9B19E38-5685-4778-AC8C-E358B2BA5F30}.Release|Any CPU.ActiveCfg = Release|Any CPU
		{E9B19E38-5685-4778-AC8C-E358B2BA5F30}.Release|Any CPU.Build.0 = Release|Any CPU
		{A61FBF90-5069-4078-8E55-FD798919FC61}.Debug|Any CPU.ActiveCfg = Debug|Any CPU
		{A61FBF90-5069-4078-8E55-FD798919FC61}.Debug|Any CPU.Build.0 = Debug|Any CPU
		{A61FBF90-5069-4078-8E55-FD798919FC61}.Release|Any CPU.ActiveCfg = Release|Any CPU
		{A61FBF90-5069-4078-8E55-FD798919FC61}.Release|Any CPU.Build.0 = Release|Any CPU
		{14AA7B2D-84B6-426E-9D93-1E1C864E1AC3}.Debug|Any CPU.ActiveCfg = Debug|Any CPU
		{14AA7B2D-84B6-426E-9D93-1E1C864E1AC3}.Debug|Any CPU.Build.0 = Debug|Any CPU
		{14AA7B2D-84B6-426E-9D93-1E1C864E1AC3}.Release|Any CPU.ActiveCfg = Release|Any CPU
		{14AA7B2D-84B6-426E-9D93-1E1C864E1AC3}.Release|Any CPU.Build.0 = Release|Any CPU
		{D5D7697C-97AE-4584-A225-D872DC97B702}.Debug|Any CPU.ActiveCfg = Debug|Any CPU
		{D5D7697C-97AE-4584-A225-D872DC97B702}.Debug|Any CPU.Build.0 = Debug|Any CPU
		{D5D7697C-97AE-4584-A225-D872DC97B702}.Release|Any CPU.ActiveCfg = Release|Any CPU
		{D5D7697C-97AE-4584-A225-D872DC97B702}.Release|Any CPU.Build.0 = Release|Any CPU
	EndGlobalSection
	GlobalSection(SolutionProperties) = preSolution
		HideSolutionNode = FALSE
	EndGlobalSection
	GlobalSection(NestedProjects) = preSolution
		{5DAD1F13-20B3-49BA-88ED-8FB70A151470} = {5781AB5D-1AC9-4EA0-89F2-E17F41CCFD9F}
		{7276549D-5767-4470-BABA-6BD6D42AEB8B} = {5781AB5D-1AC9-4EA0-89F2-E17F41CCFD9F}
		{1A6157AF-C860-444B-9005-C339578453A6} = {5781AB5D-1AC9-4EA0-89F2-E17F41CCFD9F}
		{97C8FE61-05D0-46F8-937C-7125EAB4F3C5} = {5781AB5D-1AC9-4EA0-89F2-E17F41CCFD9F}
		{64CB02CC-AC56-4F60-9A65-78B61A5DD8C3} = {5781AB5D-1AC9-4EA0-89F2-E17F41CCFD9F}
		{26B746B1-670D-4F0E-B3E5-788F6B25019B} = {5781AB5D-1AC9-4EA0-89F2-E17F41CCFD9F}
		{098CF74A-ED92-4145-99AE-510854F72B59} = {5781AB5D-1AC9-4EA0-89F2-E17F41CCFD9F}
		{D07EE750-8AF5-4D08-8880-D7D31F72F4D9} = {5781AB5D-1AC9-4EA0-89F2-E17F41CCFD9F}
		{4E5DE057-5212-4DD6-A680-A0EBD0250A60} = {5781AB5D-1AC9-4EA0-89F2-E17F41CCFD9F}
		{1A32E48B-0504-4B85-9915-748F0DDAFEFD} = {5781AB5D-1AC9-4EA0-89F2-E17F41CCFD9F}
		{A22A9973-022A-4A48-B75A-820950AEBDFA} = {5781AB5D-1AC9-4EA0-89F2-E17F41CCFD9F}
		{37EE025B-5127-4A4E-A432-A2E568771541} = {5781AB5D-1AC9-4EA0-89F2-E17F41CCFD9F}
		{3223F9A1-2FC9-4E31-9D81-439E667B0858} = {5781AB5D-1AC9-4EA0-89F2-E17F41CCFD9F}
		{E9C62F5D-3A70-4724-BE9E-563C406E42B4} = {5781AB5D-1AC9-4EA0-89F2-E17F41CCFD9F}
		{DEACD930-238D-40FB-A8E3-F4C63F5FCDA9} = {5781AB5D-1AC9-4EA0-89F2-E17F41CCFD9F}
		{A14A70A3-9B7A-4662-AEF7-9BAAB736BE6C} = {5781AB5D-1AC9-4EA0-89F2-E17F41CCFD9F}
		{F695EBCA-EAA1-465A-9F47-8DC47904E346} = {5781AB5D-1AC9-4EA0-89F2-E17F41CCFD9F}
		{6E698EE0-91F5-4578-80D1-33AA9D7B60A7} = {5781AB5D-1AC9-4EA0-89F2-E17F41CCFD9F}
		{598DD6FC-7560-450F-8A7E-9BCB4C1F1B52} = {5781AB5D-1AC9-4EA0-89F2-E17F41CCFD9F}
		{7FFB0ED2-FF22-4437-8BDE-79396F211E8C} = {5781AB5D-1AC9-4EA0-89F2-E17F41CCFD9F}
		{780A74F6-31ED-4E47-8127-EA8CC2FA383E} = {5781AB5D-1AC9-4EA0-89F2-E17F41CCFD9F}
		{8D48CE8C-BABC-41BD-B56E-8F313AC8D2D0} = {5781AB5D-1AC9-4EA0-89F2-E17F41CCFD9F}
		{57B1BFBF-4213-46DF-AEEF-27E23AA27340} = {5781AB5D-1AC9-4EA0-89F2-E17F41CCFD9F}
		{D4A15BA3-B722-4AEB-8983-84FA54C85C6C} = {F01432A4-56FC-4826-AB61-9F146F7935D4}
		{AC54DDED-F056-439B-9D32-45888FCDF89E} = {F01432A4-56FC-4826-AB61-9F146F7935D4}
		{1534BC24-CE00-4A01-9DC3-59CC60F845B3} = {F01432A4-56FC-4826-AB61-9F146F7935D4}
		{7DFE3A3C-306A-4728-B168-9F3070DAF029} = {F01432A4-56FC-4826-AB61-9F146F7935D4}
		{81489191-7D82-431E-BA19-20AFB2BC6459} = {F01432A4-56FC-4826-AB61-9F146F7935D4}
		{BB55AC13-D365-4C75-9F69-8417D35845AF} = {F01432A4-56FC-4826-AB61-9F146F7935D4}
		{7A4E4F55-DB8F-49FA-A746-1A8B6C4347FB} = {F01432A4-56FC-4826-AB61-9F146F7935D4}
		{8047F44B-587C-4B95-8EA1-364790658E3E} = {F01432A4-56FC-4826-AB61-9F146F7935D4}
		{9AC1D96D-7B9B-4756-BA9E-8BCF8232394D} = {F01432A4-56FC-4826-AB61-9F146F7935D4}
		{032A0CF8-460B-4F32-BDF6-E444E63CB77C} = {B48F4CD4-59F6-421D-8077-C59E64904114}
		{3D433AF9-7E52-46D6-9FF0-B23D9BE12F1B} = {B48F4CD4-59F6-421D-8077-C59E64904114}
		{0FAF6FE2-2068-4381-8D09-5EA5B30F47B9} = {B48F4CD4-59F6-421D-8077-C59E64904114}
		{7A465B98-162C-494E-A000-0E27F3521AE9} = {B48F4CD4-59F6-421D-8077-C59E64904114}
		{8B20AC78-381B-4E32-904E-F1E26F130C5F} = {7CFE3ED2-E862-455B-9C7E-E4A94F449119}
		{93F85B79-F6E2-48C7-BBF5-6BF13D69447F} = {7CFE3ED2-E862-455B-9C7E-E4A94F449119}
		{C5C94CF5-A3C7-46E0-8C85-CB0307379EC2} = {7CFE3ED2-E862-455B-9C7E-E4A94F449119}
		{F0C78723-A9C5-4D3A-B7A4-BCC428A0E10E} = {7CFE3ED2-E862-455B-9C7E-E4A94F449119}
		{D6B6AA1A-1210-451A-957C-12BC374F3F3D} = {7CFE3ED2-E862-455B-9C7E-E4A94F449119}
		{3AC42529-6763-4415-88B0-4245C6E633DD} = {7CFE3ED2-E862-455B-9C7E-E4A94F449119}
		{559CD55B-D0BA-4923-9E43-F36A12EA6910} = {7CFE3ED2-E862-455B-9C7E-E4A94F449119}
		{5371C12F-AB53-4E9C-939E-D3D38E50E3E0} = {7CFE3ED2-E862-455B-9C7E-E4A94F449119}
		{27BB98A1-21A0-44EB-914B-2800140EA722} = {7CFE3ED2-E862-455B-9C7E-E4A94F449119}
		{1F921CD0-1BE8-478B-B4D3-FA78255C4A90} = {7CFE3ED2-E862-455B-9C7E-E4A94F449119}
		{DFA844A5-EBF1-45FB-825D-6D8BBFA44120} = {7CFE3ED2-E862-455B-9C7E-E4A94F449119}
		{D22DB4A9-2FC1-4BF6-BB6E-E35324D4E837} = {7CFE3ED2-E862-455B-9C7E-E4A94F449119}
		{DF5C3319-2BBB-4258-85EA-E4A224212A57} = {D8909484-EFB7-4449-9EEF-89ABCD1678E6}
		{61689F4B-69E9-4618-943E-77E601FB793A} = {D8909484-EFB7-4449-9EEF-89ABCD1678E6}
		{87F6981E-1EBC-4459-AC86-099A563989AF} = {D8909484-EFB7-4449-9EEF-89ABCD1678E6}
		{C3188833-1791-433A-B5E9-43D9EF4581A5} = {D8909484-EFB7-4449-9EEF-89ABCD1678E6}
		{2DA2B7B7-C8F7-4DB1-8824-3D49EFD9A3C2} = {D8909484-EFB7-4449-9EEF-89ABCD1678E6}
		{E2E553C7-0DF5-4E90-A8E7-E46613C50099} = {D8909484-EFB7-4449-9EEF-89ABCD1678E6}
		{02B12E80-CDA9-49AB-B212-7842E956B6F9} = {D8909484-EFB7-4449-9EEF-89ABCD1678E6}
		{503C5449-EF0E-4237-9984-7F26489E00EB} = {D8909484-EFB7-4449-9EEF-89ABCD1678E6}
		{914FF1D5-EC82-424F-9942-98B996AE1ACE} = {D8909484-EFB7-4449-9EEF-89ABCD1678E6}
		{D1563332-4263-41E9-90AC-9050026C2F5E} = {D8909484-EFB7-4449-9EEF-89ABCD1678E6}
		{7C3C2948-9FB0-4D01-BA81-DE4D91B105E1} = {D8909484-EFB7-4449-9EEF-89ABCD1678E6}
		{4057BCAF-E94C-4CAB-B153-2880D9A7D9A9} = {D8909484-EFB7-4449-9EEF-89ABCD1678E6}
		{ED658C29-9FCD-4B9F-8614-99992F12AE51} = {D8909484-EFB7-4449-9EEF-89ABCD1678E6}
		{AEC98F2E-7F56-4DCB-86FE-08A5367636D1} = {D8909484-EFB7-4449-9EEF-89ABCD1678E6}
		{00E30C7B-F83E-4FAE-8D44-CE0AD64B80A5} = {D8909484-EFB7-4449-9EEF-89ABCD1678E6}
		{149B0283-CF5D-4D13-9F36-E7F8A3C218D7} = {D8909484-EFB7-4449-9EEF-89ABCD1678E6}
		{2C3FD934-52FF-46CC-8EB5-E9554EEB2614} = {D8909484-EFB7-4449-9EEF-89ABCD1678E6}
		{5BB5CB52-A818-46FA-BF63-E8C92E72C39D} = {9FEE141C-EB01-413D-9417-CA4D5822A8C8}
		{65D4B50A-2B1F-4186-9128-A3303868AAEE} = {9FEE141C-EB01-413D-9417-CA4D5822A8C8}
		{B9D0799C-A906-42CF-9731-DD4CA2AE98AF} = {9FEE141C-EB01-413D-9417-CA4D5822A8C8}
		{4704D227-415B-4D79-90F5-3BCA160B30F6} = {9FEE141C-EB01-413D-9417-CA4D5822A8C8}
		{4A311076-C5CC-421F-9C4C-12ECE45B1F70} = {9FEE141C-EB01-413D-9417-CA4D5822A8C8}
		{930AB93B-BC4D-4691-9A85-6458CA4DBAA2} = {4CC2EFC8-664D-47F5-9747-A8815FCC9583}
		{9D2AD410-421D-4538-B5F4-4F01F47C7A80} = {4CC2EFC8-664D-47F5-9747-A8815FCC9583}
		{B586B8DB-1741-4490-B0DD-850480233C0F} = {4CC2EFC8-664D-47F5-9747-A8815FCC9583}
		{988A0729-B4CF-479D-B950-461C1B0764EA} = {4CC2EFC8-664D-47F5-9747-A8815FCC9583}
		{8B8ACB70-82AA-46EA-85E7-DA740A46132B} = {4CC2EFC8-664D-47F5-9747-A8815FCC9583}
		{E6A92AF1-6313-4171-BC88-62C58EDD30BB} = {4CC2EFC8-664D-47F5-9747-A8815FCC9583}
		{BB73BA8B-FA36-4589-8768-73DF3779F173} = {4CC2EFC8-664D-47F5-9747-A8815FCC9583}
		{515325AE-40C2-4ED3-8FC4-26CB57071622} = {4CC2EFC8-664D-47F5-9747-A8815FCC9583}
		{CCE2362F-C1A8-4FCB-B415-A6BD422C2E28} = {4CC2EFC8-664D-47F5-9747-A8815FCC9583}
		{722A2C9E-C2CB-4DA1-995D-F56BFF7A0BCC} = {4CC2EFC8-664D-47F5-9747-A8815FCC9583}
		{A23D944C-64A7-4C19-8D03-8B83940CB7F8} = {3B1FA9D6-AA9D-4753-8439-B7A0F5DD03E9}
		{11142781-37EC-4EC3-A03A-F1DC01E3288B} = {3B1FA9D6-AA9D-4753-8439-B7A0F5DD03E9}
		{EE82A07B-248B-42A7-A708-F548BEA9E98A} = {3B1FA9D6-AA9D-4753-8439-B7A0F5DD03E9}
		{486EB097-E0F0-440F-9AD7-28DC0CA27149} = {3B1FA9D6-AA9D-4753-8439-B7A0F5DD03E9}
		{41E1CDD3-A24E-4F51-97ED-98FF5F34DE06} = {AB242B74-B16A-4245-B684-8CCEBF3DBFAC}
		{0CFEACC9-EB6E-4D24-871F-2E126E6F04AC} = {AB242B74-B16A-4245-B684-8CCEBF3DBFAC}
		{8CF5906B-491D-4B7A-BA21-B6EAC52376D3} = {AB242B74-B16A-4245-B684-8CCEBF3DBFAC}
		{0DA065BE-3535-4B6C-9706-5482D9926AE3} = {AB242B74-B16A-4245-B684-8CCEBF3DBFAC}
		{2924F704-551E-4401-A8A1-EBC8E8D2D567} = {AB242B74-B16A-4245-B684-8CCEBF3DBFAC}
		{200BD179-73CB-49DC-B1EB-036058FC9B7C} = {AB242B74-B16A-4245-B684-8CCEBF3DBFAC}
		{FAF81682-2E38-486C-B8FF-950E5B47C6CB} = {AB242B74-B16A-4245-B684-8CCEBF3DBFAC}
		{296EB553-8943-47D7-9189-8DB9DC252E5D} = {AB242B74-B16A-4245-B684-8CCEBF3DBFAC}
		{F1CDDC55-DFD6-4C71-B00A-45E674B7B445} = {AB242B74-B16A-4245-B684-8CCEBF3DBFAC}
		{4BBAC6EA-C61C-403E-BECA-724B9874F348} = {AB242B74-B16A-4245-B684-8CCEBF3DBFAC}
		{EB09FA1A-C341-4DB0-A957-AE93AF9D8DAD} = {AB242B74-B16A-4245-B684-8CCEBF3DBFAC}
		{6CAE9830-53AB-4899-BD86-645593558214} = {AB242B74-B16A-4245-B684-8CCEBF3DBFAC}
		{194A094F-D7BF-46C0-ACA1-77C41D22CEA1} = {0F78F98C-E3B3-4EBD-8A66-7DA2B09FBD1D}
		{85E8E88D-5F15-4183-93A1-4B653345AC51} = {0F78F98C-E3B3-4EBD-8A66-7DA2B09FBD1D}
		{AE916718-B234-403A-9993-50974B9EF59A} = {0F78F98C-E3B3-4EBD-8A66-7DA2B09FBD1D}
		{F8912EA0-5146-42DD-BCEA-22C409E17C54} = {0F78F98C-E3B3-4EBD-8A66-7DA2B09FBD1D}
		{EE9B649F-BCEB-4DEA-B4A6-4B7D48F8A071} = {0F78F98C-E3B3-4EBD-8A66-7DA2B09FBD1D}
		{68B47239-CCED-45AC-8889-871179ADEB45} = {0F78F98C-E3B3-4EBD-8A66-7DA2B09FBD1D}
		{C1A9690B-E498-4D35-B0A6-53E53A21E4D8} = {0F78F98C-E3B3-4EBD-8A66-7DA2B09FBD1D}
		{56EDFA33-B3BA-4492-8849-96DC1DE03D48} = {0F78F98C-E3B3-4EBD-8A66-7DA2B09FBD1D}
		{17C6AEB2-6FE1-44B4-AC2B-F0C1EB3D8084} = {0F78F98C-E3B3-4EBD-8A66-7DA2B09FBD1D}
		{C34A3E71-8B1B-4232-B59F-F52330DF12C6} = {0F78F98C-E3B3-4EBD-8A66-7DA2B09FBD1D}
		{0D294466-1168-44BF-916B-32102F2E0A70} = {0F78F98C-E3B3-4EBD-8A66-7DA2B09FBD1D}
		{A39B1AA9-D605-4C4B-A2DC-77DBF2AE67F7} = {5B7612BE-2895-456F-89BF-9DC1398BE3C1}
		{FB622699-00B7-49C8-86E1-671A9CBED1CF} = {5B7612BE-2895-456F-89BF-9DC1398BE3C1}
		{C8A1940F-4893-4E17-BDAE-5DC86D9B5CB2} = {5B7612BE-2895-456F-89BF-9DC1398BE3C1}
		{0F78D810-E615-4439-B6B4-CEE1DD95B61B} = {5B7612BE-2895-456F-89BF-9DC1398BE3C1}
		{11483DE8-73D3-448E-B00D-4B9CFB6B6858} = {5B7612BE-2895-456F-89BF-9DC1398BE3C1}
		{A009DBC6-F52F-4064-A1B6-68A5888DEC71} = {5B7612BE-2895-456F-89BF-9DC1398BE3C1}
		{2B3BEF8E-6502-4749-AE04-ED5301644F2C} = {5B7612BE-2895-456F-89BF-9DC1398BE3C1}
		{D36C8A61-0B6A-45D2-A7E8-23A1C625542F} = {8829693F-712A-4D1E-9D32-C1C658DE4329}
		{61922AF8-3B10-44F5-9895-0C87ED43CFBA} = {8829693F-712A-4D1E-9D32-C1C658DE4329}
		{DD5828AA-2552-4B7A-B72B-33B03180B206} = {8829693F-712A-4D1E-9D32-C1C658DE4329}
		{63FF5D6C-D846-4F43-9BAA-98C2147A0636} = {8829693F-712A-4D1E-9D32-C1C658DE4329}
		{FA327A4F-9F3B-483E-8633-BF0906EB9212} = {8829693F-712A-4D1E-9D32-C1C658DE4329}
		{8DD0D925-DDD3-49F7-9C7D-C90925F1D5BB} = {8829693F-712A-4D1E-9D32-C1C658DE4329}
		{B2176632-1288-4329-AB7A-7BF9A604AA2A} = {8829693F-712A-4D1E-9D32-C1C658DE4329}
		{F354B5D3-A967-477C-960F-482E9F791B14} = {E5435DB1-7005-405F-A05A-5938E1113AE7}
		{6D11D9BC-B286-4697-A33F-70BDD638E9B1} = {E5435DB1-7005-405F-A05A-5938E1113AE7}
		{EAB65EDA-23CD-4DCC-8917-BE7757ADEA58} = {E5435DB1-7005-405F-A05A-5938E1113AE7}
		{E7958B66-9DEB-4B86-99F9-0BBFEB74A781} = {E5435DB1-7005-405F-A05A-5938E1113AE7}
		{B34D7687-A722-4E5F-A6B3-5E9F07F9901C} = {FA33724A-FB9A-45D9-B849-97251002A1B3}
		{C362E2C6-5C3F-4EE7-8419-798246120C67} = {FA33724A-FB9A-45D9-B849-97251002A1B3}
		{C4C1E426-505C-46B4-89E1-BD4AB120D09E} = {FA33724A-FB9A-45D9-B849-97251002A1B3}
		{9F61C46E-0408-44D6-9F3F-5C2F385698E7} = {FA33724A-FB9A-45D9-B849-97251002A1B3}
		{EBB89529-B14C-43BE-A145-1556C346630B} = {FA33724A-FB9A-45D9-B849-97251002A1B3}
		{AF7D5704-59F7-4931-8FA5-B9CDA4968F64} = {FA33724A-FB9A-45D9-B849-97251002A1B3}
		{B2D9F487-05A0-4856-AB9C-1FE569CFC8FD} = {FA33724A-FB9A-45D9-B849-97251002A1B3}
		{69649EB4-A8BA-429E-9931-4F43B43EB1FB} = {FA33724A-FB9A-45D9-B849-97251002A1B3}
		{F2E74D58-322E-413E-8698-686E08E93A57} = {FA33724A-FB9A-45D9-B849-97251002A1B3}
		{67C58AAE-A36B-46F8-A5FA-019A52E32610} = {FA33724A-FB9A-45D9-B849-97251002A1B3}
		{6CE1BA06-5E9F-4454-B6DB-2F8EF9176AAA} = {FA33724A-FB9A-45D9-B849-97251002A1B3}
		{E9B19E38-5685-4778-AC8C-E358B2BA5F30} = {FA33724A-FB9A-45D9-B849-97251002A1B3}
		{A61FBF90-5069-4078-8E55-FD798919FC61} = {FA33724A-FB9A-45D9-B849-97251002A1B3}
		{14AA7B2D-84B6-426E-9D93-1E1C864E1AC3} = {AC46A066-1912-4512-9C8D-8FB9830240B9}
		{D5D7697C-97AE-4584-A225-D872DC97B702} = {AC46A066-1912-4512-9C8D-8FB9830240B9}
	EndGlobalSection
	GlobalSection(ExtensibilityGlobals) = postSolution
		SolutionGuid = {25C62ADF-B51B-41BA-A13D-B4F13522AE9E}
	EndGlobalSection
EndGlobal
